<?xml version="1.0" encoding="UTF-8"?>
<CONFIG>
  <ProjectOptions>
    <Version Value="10"/>
    <PathDelim Value="\"/>
    <General>
      <SessionStorage Value="InProjectDir"/>
      <MainUnit Value="0"/>
      <Title Value="uibtime"/>
      <Scaled Value="True"/>
      <ResourceType Value="res"/>
      <UseXPManifest Value="True"/>
      <XPManifest>
        <DpiAware Value="Per-monitor"/>
        <TextName Value="uib.uibtime.uibtime"/>
        <TextDesc Value="uibtime"/>
      </XPManifest>
      <Icon Value="0"/>
    </General>
    <i18n>
      <EnableI18N LFM="False"/>
    </i18n>
    <VersionInfo>
      <UseVersionInfo Value="True"/>
      <MajorVersionNr Value="4"/>
      <MinorVersionNr Value="1"/>
      <RevisionNr Value="1"/>
      <BuildNr Value="36"/>
      <Language Value="0407"/>
      <StringTable Comments="lazarus 1.8.2 fpc 3.0.4" CompanyName="uib gmbh" InternalName="uibtime.exe" LegalCopyright="GPL v3" ProductName="uibtime" ProductVersion="4.0.0"/>
    </VersionInfo>
    <BuildModes Count="3">
      <Item1 Name="Default" Default="True"/>
      <Item2 Name="Debug">
        <CompilerOptions>
          <Version Value="11"/>
          <PathDelim Value="\"/>
          <Target>
            <Filename Value="uibtime" ApplyConventions="False"/>
          </Target>
          <SearchPaths>
            <IncludeFiles Value="$(ProjOutDir)"/>
            <OtherUnitFiles Value="..\external_libraries\powerpdf;..\lazlib\lazreport\source\addons\pdfexport;..\common;..\external_libraries\synapse40lib"/>
            <UnitOutputDirectory Value="lib\$(TargetCPU)-$(TargetOS)"/>
          </SearchPaths>
          <Parsing>
            <SyntaxOptions>
              <SyntaxMode Value="Delphi"/>
              <IncludeAssertionCode Value="True"/>
            </SyntaxOptions>
          </Parsing>
          <CodeGeneration>
            <Checks>
              <IOChecks Value="True"/>
              <RangeChecks Value="True"/>
              <OverflowChecks Value="True"/>
              <StackChecks Value="True"/>
            </Checks>
            <VerifyObjMethodCallValidity Value="True"/>
          </CodeGeneration>
          <Linking>
            <Debugging>
              <DebugInfoType Value="dsDwarf2Set"/>
              <UseHeaptrc Value="True"/>
              <UseExternalDbgSyms Value="True"/>
            </Debugging>
            <Options>
              <Win32>
                <GraphicApplication Value="True"/>
              </Win32>
            </Options>
          </Linking>
          <Other>
            <CustomOptions Value="-dUseCThreads
-dLAZ_POWERPDF"/>
            <OtherDefines Count="2">
              <Define0 Value="UseCThreads"/>
              <Define1 Value="LAZ_POWERPDF"/>
            </OtherDefines>
          </Other>
        </CompilerOptions>
      </Item2>
      <Item3 Name="Release">
        <CompilerOptions>
          <Version Value="11"/>
          <PathDelim Value="\"/>
          <Target>
            <Filename Value="uibtime"/>
          </Target>
          <SearchPaths>
            <IncludeFiles Value="$(ProjOutDir)"/>
            <OtherUnitFiles Value="..\external_libraries\powerpdf;..\lazlib\lazreport\source\addons\pdfexport;..\common;..\external_libraries\synapse40lib"/>
            <UnitOutputDirectory Value="lib\$(TargetCPU)-$(TargetOS)"/>
          </SearchPaths>
          <Parsing>
            <SyntaxOptions>
              <SyntaxMode Value="Delphi"/>
              <IncludeAssertionCode Value="True"/>
            </SyntaxOptions>
          </Parsing>
          <CodeGeneration>
            <SmartLinkUnit Value="True"/>
            <Checks>
              <IOChecks Value="True"/>
              <RangeChecks Value="True"/>
              <OverflowChecks Value="True"/>
              <StackChecks Value="True"/>
            </Checks>
            <VerifyObjMethodCallValidity Value="True"/>
          </CodeGeneration>
          <Linking>
            <Debugging>
              <GenerateDebugInfo Value="False"/>
              <StripSymbols Value="True"/>
            </Debugging>
            <LinkSmart Value="True"/>
            <Options>
              <Win32>
                <GraphicApplication Value="True"/>
              </Win32>
            </Options>
          </Linking>
          <Other>
            <CompilerMessages>
              <IgnoredMessages idx5024="True"/>
            </CompilerMessages>
            <CustomOptions Value="-dUseCThreads
-dLAZ_POWERPDF"/>
            <OtherDefines Count="1">
              <Define0 Value="UseCThreads"/>
            </OtherDefines>
          </Other>
        </CompilerOptions>
      </Item3>
    </BuildModes>
    <PublishOptions>
      <Version Value="2"/>
    </PublishOptions>
    <RunParams>
      <local>
        <FormatVersion Value="1"/>
        <CommandLineParams Value="export UNAME=oertel"/>
      </local>
    </RunParams>
    <RequiredPackages Count="9">
      <Item1>
        <PackageName Value="richmemopackage"/>
      </Item1>
      <Item2>
        <PackageName Value="pack_powerpdf"/>
      </Item2>
      <Item3>
        <PackageName Value="lazreportpdfexport"/>
      </Item3>
      <Item4>
        <PackageName Value="lazreport"/>
      </Item4>
      <Item5>
        <PackageName Value="DateTimeCtrls"/>
      </Item5>
      <Item6>
        <PackageName Value="Printer4Lazarus"/>
      </Item6>
      <Item7>
        <PackageName Value="FCL"/>
      </Item7>
      <Item8>
        <PackageName Value="SQLDBLaz"/>
      </Item8>
      <Item9>
        <PackageName Value="LCL"/>
      </Item9>
    </RequiredPackages>
    <Units Count="23">
      <Unit0>
        <Filename Value="uibtime.lpr"/>
        <IsPartOfProject Value="True"/>
      </Unit0>
      <Unit1>
        <Filename Value="uibdata.pas"/>
        <IsPartOfProject Value="True"/>
        <ComponentName Value="DataModule1"/>
        <HasResources Value="True"/>
        <ResourceBaseClass Value="DataModule"/>
      </Unit1>
      <Unit2>
        <Filename Value="login.pas"/>
        <IsPartOfProject Value="True"/>
        <ComponentName Value="Flogin"/>
        <HasResources Value="True"/>
        <ResourceBaseClass Value="Form"/>
      </Unit2>
      <Unit3>
        <Filename Value="ontop.pas"/>
        <IsPartOfProject Value="True"/>
        <ComponentName Value="FOnTop"/>
        <HasResources Value="True"/>
        <ResourceBaseClass Value="Form"/>
      </Unit3>
      <Unit4>
        <Filename Value="debug.pas"/>
        <IsPartOfProject Value="True"/>
        <ComponentName Value="FDebug"/>
        <HasResources Value="True"/>
        <ResourceBaseClass Value="Form"/>
      </Unit4>
      <Unit5>
        <Filename Value="changelog.pas"/>
        <IsPartOfProject Value="True"/>
      </Unit5>
      <Unit6>
        <Filename Value="treescrolldown.pas"/>
        <IsPartOfProject Value="True"/>
        <ComponentName Value="FTreeview"/>
        <HasResources Value="True"/>
        <ResourceBaseClass Value="Form"/>
      </Unit6>
      <Unit7>
        <Filename Value="logoff.pas"/>
        <IsPartOfProject Value="True"/>
        <ComponentName Value="Flogoff"/>
        <HasResources Value="True"/>
        <ResourceBaseClass Value="Form"/>
      </Unit7>
      <Unit8>
        <Filename Value="work_description.pas"/>
        <IsPartOfProject Value="True"/>
        <ComponentName Value="fwork_description"/>
        <HasResources Value="True"/>
        <ResourceBaseClass Value="Form"/>
      </Unit8>
      <Unit9>
        <Filename Value="dataedit.pas"/>
        <IsPartOfProject Value="True"/>
        <ComponentName Value="FDataedit"/>
        <HasResources Value="True"/>
        <ResourceBaseClass Value="Form"/>
      </Unit9>
      <Unit10>
        <Filename Value="loggedin_.pas"/>
        <IsPartOfProject Value="True"/>
        <ComponentName Value="FLoggedin"/>
        <HasResources Value="True"/>
        <ResourceBaseClass Value="Form"/>
      </Unit10>
      <Unit11>
        <Filename Value="nachf.pas"/>
        <IsPartOfProject Value="True"/>
        <ComponentName Value="FNachfrage"/>
        <HasResources Value="True"/>
        <ResourceBaseClass Value="Form"/>
      </Unit11>
      <Unit12>
        <Filename Value="statistik.pas"/>
        <IsPartOfProject Value="True"/>
        <ComponentName Value="FStatistik"/>
        <HasResources Value="True"/>
        <ResourceBaseClass Value="Form"/>
      </Unit12>
      <Unit13>
        <Filename Value="result.pas"/>
        <IsPartOfProject Value="True"/>
        <ComponentName Value="FResult"/>
        <HasResources Value="True"/>
        <ResourceBaseClass Value="Form"/>
      </Unit13>
      <Unit14>
        <Filename Value="sqltext.pas"/>
        <IsPartOfProject Value="True"/>
        <ComponentName Value="FSQL"/>
        <HasResources Value="True"/>
        <ResourceBaseClass Value="Form"/>
      </Unit14>
      <Unit15>
        <Filename Value="multiday.pas"/>
        <IsPartOfProject Value="True"/>
        <ComponentName Value="FMultiday"/>
        <HasResources Value="True"/>
        <ResourceBaseClass Value="Form"/>
      </Unit15>
      <Unit16>
        <Filename Value="report.pas"/>
        <IsPartOfProject Value="True"/>
        <ComponentName Value="Freport"/>
        <HasResources Value="True"/>
        <ResourceBaseClass Value="Form"/>
      </Unit16>
      <Unit17>
        <Filename Value="httpservice.pas"/>
        <IsPartOfProject Value="True"/>
        <ComponentName Value="Form1"/>
        <HasResources Value="True"/>
        <ResourceBaseClass Value="Form"/>
      </Unit17>
      <Unit18>
        <Filename Value="runprocess.pas"/>
        <IsPartOfProject Value="True"/>
      </Unit18>
      <Unit19>
        <Filename Value="uibtworkrepchooser.pas"/>
        <IsPartOfProject Value="True"/>
        <ComponentName Value="FuibtWorkRepChooser"/>
        <HasResources Value="True"/>
        <ResourceBaseClass Value="Form"/>
        <UnitName Value="uibtWorkRepChooser"/>
      </Unit19>
      <Unit20>
        <Filename Value="uib2erp.pas"/>
        <IsPartOfProject Value="True"/>
        <ComponentName Value="Fuibtime2erp"/>
        <HasResources Value="True"/>
        <ResourceBaseClass Value="Form"/>
      </Unit20>
      <Unit21>
        <Filename Value="notificationdlg.pas"/>
        <IsPartOfProject Value="True"/>
        <ComponentName Value="Fnotificationdlg"/>
        <HasResources Value="True"/>
        <ResourceBaseClass Value="Form"/>
      </Unit21>
      <Unit22>
        <Filename Value="uibdatetime.pas"/>
        <IsPartOfProject Value="True"/>
      </Unit22>
    </Units>
  </ProjectOptions>
  <CompilerOptions>
    <Version Value="11"/>
    <PathDelim Value="\"/>
    <Target>
      <Filename Value="uibtime" ApplyConventions="False"/>
    </Target>
    <SearchPaths>
      <IncludeFiles Value="$(ProjOutDir)"/>
      <OtherUnitFiles Value="..\external_libraries\powerpdf;..\lazlib\lazreport\source\addons\pdfexport"/>
      <UnitOutputDirectory Value="lib\$(TargetCPU)-$(TargetOS)"/>
    </SearchPaths>
    <Parsing>
      <SyntaxOptions>
        <SyntaxMode Value="Delphi"/>
      </SyntaxOptions>
    </Parsing>
    <Linking>
      <Options>
        <Win32>
          <GraphicApplication Value="True"/>
        </Win32>
      </Options>
    </Linking>
    <Other>
      <CustomOptions Value="-dLAZ_POWERPDF"/>
    </Other>
  </CompilerOptions>
  <Debugging>
    <Exceptions Count="5">
      <Item1>
        <Name Value="EAbort"/>
      </Item1>
      <Item2>
        <Name Value="ECodetoolError"/>
      </Item2>
      <Item3>
        <Name Value="EFOpenError"/>
      </Item3>
      <Item4>
        <Name Value="EVariantError"/>
      </Item4>
      <Item5>
        <Name Value="EHTTPServer"/>
      </Item5>
    </Exceptions>
  </Debugging>
</CONFIG>
