<?xml version="1.0" encoding="UTF-8"?>
<CONFIG>
  <ProjectOptions>
    <Version Value="10"/>
    <PathDelim Value="\"/>
    <General>
      <MainUnit Value="0"/>
      <Title Value="opsi setup detector"/>
      <UseXPManifest Value="True"/>
      <Icon Value="0"/>
    </General>
    <i18n>
      <EnableI18N Value="True"/>
      <OutDir Value="languages"/>
    </i18n>
    <VersionInfo>
      <UseVersionInfo Value="True"/>
      <MajorVersionNr Value="4"/>
      <RevisionNr Value="5"/>
      <BuildNr Value="124"/>
      <StringTable CompanyName="uib gmbh (uib.de / opsi.org)" FileDescription="opsi setup detector" ProductName="opsi" ProductVersion="opsi 4.0.5"/>
    </VersionInfo>
    <BuildModes Count="1" Active="Default">
      <Item1 Name="Default" Default="True"/>
    </BuildModes>
    <PublishOptions>
      <Version Value="2"/>
      <IncludeFileFilter Value="*.(pas|pp|inc|lfm|lpr|lrs|lpi|lpk|sh|xml)"/>
      <ExcludeFileFilter Value="*.(bak|ppu|o|so);*~;backup"/>
    </PublishOptions>
    <RunParams>
      <local>
        <FormatVersion Value="1"/>
      </local>
    </RunParams>
    <RequiredPackages Count="3">
      <Item1>
        <PackageName Value="HtmlComp"/>
      </Item1>
      <Item2>
        <PackageName Value="SynEdit"/>
      </Item2>
      <Item3>
        <PackageName Value="LCL"/>
        <MinVersion Major="1" Valid="True"/>
      </Item3>
    </RequiredPackages>
    <Units Count="27">
      <Unit0>
        <Filename Value="opsisetupdetector.lpr"/>
        <IsPartOfProject Value="True"/>
        <IsVisibleTab Value="True"/>
        <EditorIndex Value="1"/>
        <CursorPos X="5" Y="29"/>
        <UsageCount Value="200"/>
        <Loaded Value="True"/>
        <DefaultSyntaxHighlighter Value="Delphi"/>
      </Unit0>
      <Unit1>
        <Filename Value="C:\opsi-winst-test\trunk\opsi-winst-test-helper\helperchild.lpr"/>
        <CursorPos X="67" Y="13"/>
        <UsageCount Value="7"/>
      </Unit1>
      <Unit2>
        <Filename Value="C:\opsi-winst-test\trunk\opsi-winst-test-helper\helperwin.pas"/>
        <TopLine Value="13"/>
        <CursorPos X="2" Y="308"/>
        <UsageCount Value="7"/>
      </Unit2>
      <Unit3>
        <Filename Value="resultform.pas"/>
        <IsPartOfProject Value="True"/>
        <ComponentName Value="resultForm1"/>
        <HasResources Value="True"/>
        <ResourceBaseClass Value="Form"/>
        <EditorIndex Value="2"/>
        <TopLine Value="1898"/>
        <CursorPos X="21" Y="1912"/>
        <UsageCount Value="200"/>
        <Loaded Value="True"/>
        <LoadedDesigner Value="True"/>
        <DefaultSyntaxHighlighter Value="Delphi"/>
      </Unit3>
      <Unit4>
        <Filename Value="lib\i386-win32\resultform.lrs"/>
        <CursorPos X="17" Y="3"/>
        <UsageCount Value="9"/>
      </Unit4>
      <Unit5>
        <Filename Value="manifest.xml"/>
        <CursorPos X="48" Y="10"/>
        <UsageCount Value="93"/>
        <DefaultSyntaxHighlighter Value="XML"/>
      </Unit5>
      <Unit6>
        <Filename Value="manifest.rc"/>
        <UsageCount Value="7"/>
        <DefaultSyntaxHighlighter Value="None"/>
      </Unit6>
      <Unit7>
        <Filename Value="VersionInfoX.pas"/>
        <IsPartOfProject Value="True"/>
        <EditorIndex Value="3"/>
        <CursorPos X="30"/>
        <UsageCount Value="203"/>
        <Loaded Value="True"/>
        <DefaultSyntaxHighlighter Value="Delphi"/>
      </Unit7>
      <Unit8>
        <Filename Value="changelog.txt"/>
        <CursorPos X="32" Y="11"/>
        <UsageCount Value="93"/>
        <DefaultSyntaxHighlighter Value="None"/>
      </Unit8>
      <Unit9>
        <Filename Value="msi2opsi.lpr"/>
        <CursorPos X="32" Y="6"/>
        <UsageCount Value="52"/>
      </Unit9>
      <Unit10>
        <Filename Value="msi2opsi-files\CLIENT_DATA\setup32.opsiscript"/>
        <CursorPos X="60" Y="15"/>
        <UsageCount Value="52"/>
        <DefaultSyntaxHighlighter Value="None"/>
      </Unit10>
      <Unit11>
        <Filename Value="msi2opsi-files\CLIENT_DATA\check_msi_exitcode.opsiscript"/>
        <UsageCount Value="52"/>
        <DefaultSyntaxHighlighter Value="None"/>
      </Unit11>
      <Unit12>
        <Filename Value="C:\lazarus\lcl\include\control.inc"/>
        <TopLine Value="3225"/>
        <CursorPos Y="3243"/>
        <UsageCount Value="20"/>
      </Unit12>
      <Unit13>
        <Filename Value="C:\lazarus\lcl\include\customedit.inc"/>
        <TopLine Value="513"/>
        <CursorPos Y="531"/>
        <UsageCount Value="20"/>
      </Unit13>
      <Unit14>
        <Filename Value="C:\lazarus\lcl\include\customform.inc"/>
        <TopLine Value="1802"/>
        <CursorPos Y="1820"/>
        <UsageCount Value="4"/>
      </Unit14>
      <Unit15>
        <Filename Value="E:\lazarus\lcl\include\control.inc"/>
        <TopLine Value="888"/>
        <CursorPos X="22" Y="913"/>
        <UsageCount Value="7"/>
      </Unit15>
      <Unit16>
        <Filename Value="C:\lazarus\lcl\include\pagecontrol.inc"/>
        <TopLine Value="26"/>
        <CursorPos Y="33"/>
        <UsageCount Value="40"/>
      </Unit16>
      <Unit17>
        <Filename Value="inno2opsi-files\CLIENT_DATA\setup64.opsiscript"/>
        <TopLine Value="34"/>
        <CursorPos Y="34"/>
        <UsageCount Value="1"/>
        <DefaultSyntaxHighlighter Value="None"/>
      </Unit17>
      <Unit18>
        <Filename Value="inno2opsi-files\CLIENT_DATA\setup32.opsiscript"/>
        <TopLine Value="42"/>
        <CursorPos X="89" Y="72"/>
        <UsageCount Value="1"/>
        <DefaultSyntaxHighlighter Value="None"/>
      </Unit18>
      <Unit19>
        <Filename Value="C:\lazarus\lcl\include\customnotebook.inc"/>
        <TopLine Value="458"/>
        <CursorPos Y="476"/>
        <UsageCount Value="38"/>
      </Unit19>
      <Unit20>
        <Filename Value="resultform.lfm"/>
        <TopLine Value="52"/>
        <CursorPos X="47" Y="56"/>
        <UsageCount Value="77"/>
        <DefaultSyntaxHighlighter Value="LFM"/>
      </Unit20>
      <Unit21>
        <Filename Value="C:\lazarus\added\THtmlPort\package\framview.pas"/>
        <UnitName Value="FramView"/>
        <TopLine Value="78"/>
        <CursorPos X="69" Y="176"/>
        <UsageCount Value="3"/>
        <DefaultSyntaxHighlighter Value="Delphi"/>
      </Unit21>
      <Unit22>
        <Filename Value="C:\lazarus\ideintf\objectinspector.pp"/>
        <ComponentName Value="ObjectInspectorDlg"/>
        <HasResources Value="True"/>
        <ResourceBaseClass Value="Form"/>
        <UnitName Value="ObjectInspector"/>
        <TopLine Value="29"/>
        <CursorPos X="94" Y="41"/>
        <UsageCount Value="3"/>
      </Unit22>
      <Unit23>
        <Filename Value="help.pas"/>
        <IsPartOfProject Value="True"/>
        <ComponentName Value="FormHelp"/>
        <HasResources Value="True"/>
        <ResourceBaseClass Value="Form"/>
        <UnitName Value="Help"/>
        <TopLine Value="27"/>
        <CursorPos X="17" Y="61"/>
        <UsageCount Value="129"/>
        <Loaded Value="True"/>
        <LoadedDesigner Value="True"/>
        <DefaultSyntaxHighlighter Value="Delphi"/>
      </Unit23>
      <Unit24>
        <Filename Value="languages\opsisetupdetector.de.po"/>
        <EditorIndex Value="4"/>
        <UsageCount Value="44"/>
        <Loaded Value="True"/>
        <DefaultSyntaxHighlighter Value="PO"/>
      </Unit24>
      <Unit25>
        <Filename Value="C:\lazarus\components\thtml\styleun.pas"/>
        <UnitName Value="StyleUn"/>
        <EditorIndex Value="-1"/>
        <CursorPos X="124" Y="9"/>
        <UsageCount Value="17"/>
        <DefaultSyntaxHighlighter Value="Delphi"/>
      </Unit25>
      <Unit26>
        <Filename Value="C:\lazarus\fpc\2.6.2\source\packages\fcl-image\src\fpcanvas.pp"/>
        <UnitName Value="FPCanvas"/>
        <EditorIndex Value="-1"/>
        <CursorPos X="110" Y="16"/>
        <UsageCount Value="17"/>
      </Unit26>
    </Units>
    <JumpHistory Count="30" HistoryIndex="29">
      <Position1>
        <Filename Value="resultform.pas"/>
        <Caret Line="1312" Column="48" TopLine="1268"/>
      </Position1>
      <Position2>
        <Filename Value="resultform.pas"/>
        <Caret Line="979" Column="59" TopLine="954"/>
      </Position2>
      <Position3>
        <Filename Value="resultform.pas"/>
        <Caret Line="1922" TopLine="1880"/>
      </Position3>
      <Position4>
        <Filename Value="resultform.pas"/>
        <Caret Line="1909" Column="17" TopLine="1883"/>
      </Position4>
      <Position5>
        <Filename Value="resultform.pas"/>
        <Caret Line="1917" Column="54" TopLine="1893"/>
      </Position5>
      <Position6>
        <Filename Value="resultform.pas"/>
        <Caret Line="1922" Column="16" TopLine="1897"/>
      </Position6>
      <Position7>
        <Filename Value="resultform.pas"/>
        <Caret Line="1930" Column="79" TopLine="1897"/>
      </Position7>
      <Position8>
        <Filename Value="resultform.pas"/>
        <Caret Line="6" Column="31"/>
      </Position8>
      <Position9>
        <Filename Value="resultform.pas"/>
        <Caret Line="15" Column="68"/>
      </Position9>
      <Position10>
        <Filename Value="resultform.pas"/>
        <Caret Line="1937" Column="40" TopLine="1890"/>
      </Position10>
      <Position11>
        <Filename Value="resultform.pas"/>
        <Caret Line="1897" Column="16" TopLine="1882"/>
      </Position11>
      <Position12>
        <Filename Value="resultform.pas"/>
        <Caret Line="1894" Column="23" TopLine="1868"/>
      </Position12>
      <Position13>
        <Filename Value="resultform.pas"/>
        <Caret Line="1897" Column="14" TopLine="1871"/>
      </Position13>
      <Position14>
        <Filename Value="resultform.pas"/>
        <Caret Line="15" Column="87"/>
      </Position14>
      <Position15>
        <Filename Value="resultform.pas"/>
        <Caret Line="1940" Column="8" TopLine="1901"/>
      </Position15>
      <Position16>
        <Filename Value="resultform.pas"/>
      </Position16>
      <Position17>
        <Filename Value="resultform.pas"/>
        <Caret Line="1924" Column="8" TopLine="1902"/>
      </Position17>
      <Position18>
        <Filename Value="resultform.pas"/>
        <Caret Line="1904" Column="55" TopLine="1898"/>
      </Position18>
      <Position19>
        <Filename Value="resultform.pas"/>
        <Caret Line="1958" Column="49" TopLine="1915"/>
      </Position19>
      <Position20>
        <Filename Value="resultform.pas"/>
        <Caret Line="269" Column="46" TopLine="244"/>
      </Position20>
      <Position21>
        <Filename Value="resultform.pas"/>
        <Caret Line="270" TopLine="244"/>
      </Position21>
      <Position22>
        <Filename Value="resultform.pas"/>
        <Caret Line="1961" TopLine="1923"/>
      </Position22>
      <Position23>
        <Filename Value="resultform.pas"/>
        <Caret Line="2515" Column="36" TopLine="2471"/>
      </Position23>
      <Position24>
        <Filename Value="resultform.pas"/>
        <Caret Line="2568" Column="36" TopLine="2524"/>
      </Position24>
      <Position25>
        <Filename Value="resultform.pas"/>
        <Caret Line="2618" Column="36" TopLine="2574"/>
      </Position25>
      <Position26>
        <Filename Value="resultform.pas"/>
        <Caret Line="2666" Column="36" TopLine="2622"/>
      </Position26>
      <Position27>
        <Filename Value="resultform.pas"/>
        <Caret Line="2714" Column="36" TopLine="2670"/>
      </Position27>
      <Position28>
        <Filename Value="resultform.pas"/>
        <Caret Line="2755" Column="22" TopLine="2719"/>
      </Position28>
      <Position29>
        <Filename Value="resultform.pas"/>
        <Caret Line="19" Column="41"/>
      </Position29>
      <Position30>
        <Filename Value="resultform.pas"/>
        <Caret Line="269" Column="26" TopLine="226"/>
      </Position30>
    </JumpHistory>
  </ProjectOptions>
  <CompilerOptions>
    <Version Value="11"/>
    <PathDelim Value="\"/>
    <Target>
      <Filename Value="opsisetupdetector"/>
    </Target>
    <SearchPaths>
      <IncludeFiles Value="$(ProjOutDir)"/>
      <OtherUnitFiles Value="C:\lazarus\components\thtml\"/>
      <UnitOutputDirectory Value="lib\$(TargetCPU)-$(TargetOS)"/>
    </SearchPaths>
    <Parsing>
      <SyntaxOptions>
        <SyntaxMode Value="Delphi"/>
      </SyntaxOptions>
    </Parsing>
    <CodeGeneration>
      <SmartLinkUnit Value="True"/>
    </CodeGeneration>
    <Linking>
      <Debugging>
        <GenerateDebugInfo Value="False"/>
        <UseLineInfoUnit Value="False"/>
        <StripSymbols Value="True"/>
      </Debugging>
      <LinkSmart Value="True"/>
      <Options>
        <Win32>
          <GraphicApplication Value="True"/>
        </Win32>
      </Options>
    </Linking>
  </CompilerOptions>
  <Debugging>
    <Watches Count="5">
      <Item1>
        <Expression Value="myExeDir"/>
      </Item1>
      <Item2>
        <Expression Value="packetBaseDir"/>
      </Item2>
      <Item3>
        <Expression Value="configFileName"/>
      </Item3>
      <Item4>
        <Expression Value="fConfig"/>
      </Item4>
      <Item5>
        <Expression Value="Edit10"/>
      </Item5>
    </Watches>
    <Exceptions Count="3">
      <Item1>
        <Name Value="EAbort"/>
      </Item1>
      <Item2>
        <Name Value="ECodetoolError"/>
      </Item2>
      <Item3>
        <Name Value="EFOpenError"/>
      </Item3>
    </Exceptions>
  </Debugging>
</CONFIG>
