<?xml version="1.0" encoding="UTF-8"?>
<CONFIG>
  <ProjectOptions>
    <Version Value="10"/>
    <PathDelim Value="\"/>
    <General>
      <MainUnit Value="0"/>
      <Title Value="opsi-setup-detector"/>
      <Scaled Value="True"/>
      <ResourceType Value="res"/>
      <UseXPManifest Value="True"/>
      <XPManifest>
        <DpiAware Value="True"/>
      </XPManifest>
      <Icon Value="0"/>
    </General>
    <i18n>
      <EnableI18N Value="True"/>
      <OutDir Value="languages"/>
    </i18n>
    <VersionInfo>
      <UseVersionInfo Value="True"/>
      <MajorVersionNr Value="4"/>
      <MinorVersionNr Value="1"/>
      <StringTable CompanyName="uib gmbh (uib.de / opsi.org)" FileDescription="opsi setup detector" InternalName="opsi setup detector" LegalCopyright="AGPLv3" LegalTrademarks="opsi, opsi.org, open pc server integration" OriginalFilename="opsisetupdetector" ProductName="opsi" ProductVersion="opsi 4.0.7"/>
    </VersionInfo>
    <BuildModes Count="3" Active="Debug">
      <Item1 Name="Default" Default="True"/>
      <Item2 Name="Debug">
        <CompilerOptions>
          <Version Value="11"/>
          <PathDelim Value="\"/>
          <Target>
            <Filename Value="opsisetupdetector"/>
          </Target>
          <SearchPaths>
            <IncludeFiles Value="$(ProjOutDir)"/>
            <OtherUnitFiles Value="..\..\common;..\..\external_libraries\misc"/>
            <UnitOutputDirectory Value="lib\$(TargetCPU)-$(TargetOS)"/>
          </SearchPaths>
          <Parsing>
            <SyntaxOptions>
              <SyntaxMode Value="Delphi"/>
              <IncludeAssertionCode Value="True"/>
            </SyntaxOptions>
          </Parsing>
          <CodeGeneration>
            <Checks>
              <IOChecks Value="True"/>
              <RangeChecks Value="True"/>
              <OverflowChecks Value="True"/>
              <StackChecks Value="True"/>
            </Checks>
            <VerifyObjMethodCallValidity Value="True"/>
          </CodeGeneration>
          <Linking>
            <Debugging>
              <DebugInfoType Value="dsDwarf2Set"/>
              <UseLineInfoUnit Value="False"/>
              <UseHeaptrc Value="True"/>
              <TrashVariables Value="True"/>
              <StripSymbols Value="True"/>
              <UseExternalDbgSyms Value="True"/>
            </Debugging>
            <Options>
              <Win32>
                <GraphicApplication Value="True"/>
              </Win32>
            </Options>
          </Linking>
          <Other>
            <CustomOptions Value="-dOPSI
-dOSDGUI
-dOPSI_AS_USER"/>
            <OtherDefines Count="3">
              <Define0 Value="OPSI"/>
              <Define1 Value="OSDGUI"/>
              <Define2 Value="OPSI_AS_USER"/>
            </OtherDefines>
          </Other>
        </CompilerOptions>
      </Item2>
      <Item3 Name="Release">
        <CompilerOptions>
          <Version Value="11"/>
          <PathDelim Value="\"/>
          <Target>
            <Filename Value="opsisetupdetector"/>
          </Target>
          <SearchPaths>
            <IncludeFiles Value="$(ProjOutDir)"/>
            <OtherUnitFiles Value="..\..\common"/>
            <UnitOutputDirectory Value="lib\$(TargetCPU)-$(TargetOS)"/>
          </SearchPaths>
          <Parsing>
            <SyntaxOptions>
              <SyntaxMode Value="Delphi"/>
            </SyntaxOptions>
          </Parsing>
          <CodeGeneration>
            <SmartLinkUnit Value="True"/>
            <Optimizations>
              <OptimizationLevel Value="3"/>
            </Optimizations>
          </CodeGeneration>
          <Linking>
            <Debugging>
              <GenerateDebugInfo Value="False"/>
              <UseLineInfoUnit Value="False"/>
              <StripSymbols Value="True"/>
            </Debugging>
            <LinkSmart Value="True"/>
            <Options>
              <Win32>
                <GraphicApplication Value="True"/>
              </Win32>
            </Options>
          </Linking>
          <Other>
            <CustomOptions Value="-dOSDGUI
-dOPSI_AS_USER
-dOPSI"/>
            <OtherDefines Count="3">
              <Define0 Value="OSDGUI"/>
              <Define1 Value="OPSI_AS_USER"/>
              <Define2 Value="OPSI"/>
            </OtherDefines>
          </Other>
        </CompilerOptions>
      </Item3>
    </BuildModes>
    <PublishOptions>
      <Version Value="2"/>
      <IncludeFileFilter Value="*.(pas|pp|inc|lfm|lpr|lrs|lpi|lpk|sh|xml)"/>
      <ExcludeFileFilter Value="*.(bak|ppu|o|so);*~;backup"/>
    </PublishOptions>
    <RunParams>
      <local>
        <FormatVersion Value="1"/>
        <CommandLineParams Value="--filename=&quot;N:\uib\oertel\gitwork\lazarus\opsi-misc\opsisetupdetector\examples\inno\myinnosetup.exe&quot;"/>
      </local>
    </RunParams>
    <RequiredPackages Count="6">
      <Item1>
        <PackageName Value="bgracontrols"/>
      </Item1>
      <Item2>
        <PackageName Value="BGRAControlsFX"/>
      </Item2>
      <Item3>
        <PackageName Value="JvCtrlsLazR"/>
      </Item3>
      <Item4>
        <PackageName Value="JvXPCtrlsLazR"/>
      </Item4>
      <Item5>
        <PackageName Value="RunTimeTypeInfoControls"/>
      </Item5>
      <Item6>
        <PackageName Value="LCL"/>
        <MinVersion Major="1" Valid="True"/>
      </Item6>
    </RequiredPackages>
    <Units Count="38">
      <Unit0>
        <Filename Value="opsisetupdetector.lpr"/>
        <IsPartOfProject Value="True"/>
        <TopLine Value="9"/>
        <CursorPos X="29" Y="18"/>
        <UsageCount Value="200"/>
        <Loaded Value="True"/>
        <DefaultSyntaxHighlighter Value="Delphi"/>
      </Unit0>
      <Unit1>
        <Filename Value="osdform.pas"/>
        <IsPartOfProject Value="True"/>
        <ComponentName Value="resultForm1"/>
        <HasResources Value="True"/>
        <ResourceBaseClass Value="Form"/>
        <EditorIndex Value="2"/>
        <TopLine Value="632"/>
        <CursorPos X="21" Y="588"/>
        <ExtraEditorCount Value="1"/>
        <ExtraEditor1>
          <EditorIndex Value="3"/>
          <WindowIndex Value="1"/>
          <TopLine Value="441"/>
          <CursorPos X="46" Y="456"/>
        </ExtraEditor1>
        <UsageCount Value="200"/>
        <Loaded Value="True"/>
        <LoadedDesigner Value="True"/>
        <DefaultSyntaxHighlighter Value="Delphi"/>
      </Unit1>
      <Unit2>
        <Filename Value="lib\i386-win32\resultform.lrs"/>
        <CursorPos X="17" Y="3"/>
        <UsageCount Value="4"/>
      </Unit2>
      <Unit3>
        <Filename Value="manifest.xml"/>
        <CursorPos X="48" Y="10"/>
        <UsageCount Value="68"/>
        <DefaultSyntaxHighlighter Value="XML"/>
      </Unit3>
      <Unit4>
        <Filename Value="VersionInfoX.pas"/>
        <IsPartOfProject Value="True"/>
        <EditorIndex Value="-1"/>
        <CursorPos X="30"/>
        <UsageCount Value="203"/>
        <DefaultSyntaxHighlighter Value="Delphi"/>
      </Unit4>
      <Unit5>
        <Filename Value="changelog.txt"/>
        <CursorPos X="32" Y="11"/>
        <UsageCount Value="68"/>
        <DefaultSyntaxHighlighter Value="None"/>
      </Unit5>
      <Unit6>
        <Filename Value="msi2opsi.lpr"/>
        <CursorPos X="32" Y="6"/>
        <UsageCount Value="27"/>
        <DefaultSyntaxHighlighter Value="Delphi"/>
      </Unit6>
      <Unit7>
        <Filename Value="msi2opsi-files\CLIENT_DATA\setup32.opsiscript"/>
        <CursorPos X="60" Y="15"/>
        <UsageCount Value="27"/>
        <DefaultSyntaxHighlighter Value="None"/>
      </Unit7>
      <Unit8>
        <Filename Value="msi2opsi-files\CLIENT_DATA\check_msi_exitcode.opsiscript"/>
        <UsageCount Value="30"/>
        <DefaultSyntaxHighlighter Value="None"/>
      </Unit8>
      <Unit9>
        <Filename Value="C:\lazarus\lcl\include\control.inc"/>
        <TopLine Value="3225"/>
        <CursorPos Y="3243"/>
        <UsageCount Value="8"/>
      </Unit9>
      <Unit10>
        <Filename Value="C:\lazarus\lcl\include\customedit.inc"/>
        <TopLine Value="513"/>
        <CursorPos Y="531"/>
        <UsageCount Value="8"/>
      </Unit10>
      <Unit11>
        <Filename Value="C:\lazarus\lcl\include\pagecontrol.inc"/>
        <TopLine Value="26"/>
        <CursorPos Y="33"/>
        <UsageCount Value="18"/>
      </Unit11>
      <Unit12>
        <Filename Value="C:\lazarus\lcl\include\customnotebook.inc"/>
        <TopLine Value="458"/>
        <CursorPos Y="476"/>
        <UsageCount Value="16"/>
      </Unit12>
      <Unit13>
        <Filename Value="resultform.lfm"/>
        <EditorIndex Value="-1"/>
        <TopLine Value="541"/>
        <CursorPos X="23" Y="549"/>
        <UsageCount Value="52"/>
        <DefaultSyntaxHighlighter Value="LFM"/>
      </Unit13>
      <Unit14>
        <Filename Value="help.pas"/>
        <ComponentName Value="FormHelp"/>
        <HasResources Value="True"/>
        <ResourceBaseClass Value="Form"/>
        <UnitName Value="Help"/>
        <EditorIndex Value="-1"/>
        <CursorPos X="17" Y="61"/>
        <UsageCount Value="107"/>
        <DefaultSyntaxHighlighter Value="Delphi"/>
      </Unit14>
      <Unit15>
        <Filename Value="trash.txt"/>
        <IsPartOfProject Value="True"/>
        <EditorIndex Value="9"/>
        <CursorPos Y="32"/>
        <UsageCount Value="201"/>
        <Loaded Value="True"/>
        <DefaultSyntaxHighlighter Value="None"/>
      </Unit15>
      <Unit16>
        <Filename Value="opsisetupdetector-changelog.txt"/>
        <IsPartOfProject Value="True"/>
        <EditorIndex Value="1"/>
        <WindowIndex Value="1"/>
        <CursorPos X="54"/>
        <UsageCount Value="202"/>
        <Loaded Value="True"/>
        <DefaultSyntaxHighlighter Value="None"/>
      </Unit16>
      <Unit17>
        <Filename Value="osdanalyze.pas"/>
        <IsPartOfProject Value="True"/>
        <IsVisibleTab Value="True"/>
        <EditorIndex Value="10"/>
        <TopLine Value="974"/>
        <CursorPos X="46" Y="991"/>
        <ExtraEditorCount Value="1"/>
        <ExtraEditor1>
          <IsVisibleTab Value="True"/>
          <EditorIndex Value="2"/>
          <WindowIndex Value="1"/>
          <TopLine Value="779"/>
          <CursorPos X="70" Y="791"/>
        </ExtraEditor1>
        <UsageCount Value="212"/>
        <Loaded Value="True"/>
        <DefaultSyntaxHighlighter Value="Delphi"/>
      </Unit17>
      <Unit18>
        <Filename Value="osdhelper.pas"/>
        <IsPartOfProject Value="True"/>
        <EditorIndex Value="8"/>
        <TopLine Value="47"/>
        <CursorPos X="46" Y="58"/>
        <UsageCount Value="240"/>
        <Loaded Value="True"/>
        <DefaultSyntaxHighlighter Value="Delphi"/>
      </Unit18>
      <Unit19>
        <Filename Value="..\..\common\oslog.pas"/>
        <IsPartOfProject Value="True"/>
        <EditorIndex Value="1"/>
        <TopLine Value="744"/>
        <CursorPos X="28" Y="761"/>
        <UsageCount Value="235"/>
        <Loaded Value="True"/>
        <DefaultSyntaxHighlighter Value="Delphi"/>
      </Unit19>
      <Unit20>
        <Filename Value="osdbasedata.pas"/>
        <IsPartOfProject Value="True"/>
        <WindowIndex Value="1"/>
        <TopLine Value="1010"/>
        <CursorPos Y="1034"/>
        <ExtraEditorCount Value="1"/>
        <ExtraEditor1>
          <EditorIndex Value="7"/>
          <TopLine Value="148"/>
          <CursorPos Y="163"/>
        </ExtraEditor1>
        <UsageCount Value="226"/>
        <Loaded Value="True"/>
        <DefaultSyntaxHighlighter Value="Delphi"/>
      </Unit20>
      <Unit21>
        <Filename Value="msi2opsi-files\CLIENT_DATA\setup64.ins"/>
        <EditorIndex Value="-1"/>
        <TopLine Value="73"/>
        <CursorPos X="79" Y="97"/>
        <UsageCount Value="3"/>
        <DefaultSyntaxHighlighter Value="None"/>
      </Unit21>
      <Unit22>
        <Filename Value="osdconfigdlg.pas"/>
        <IsPartOfProject Value="True"/>
        <ComponentName Value="FOSDConfigdlg"/>
        <HasResources Value="True"/>
        <ResourceBaseClass Value="Form"/>
        <EditorIndex Value="6"/>
        <TopLine Value="33"/>
        <CursorPos X="40" Y="35"/>
        <UsageCount Value="203"/>
        <Loaded Value="True"/>
        <LoadedDesigner Value="True"/>
        <DefaultSyntaxHighlighter Value="Delphi"/>
      </Unit22>
      <Unit23>
        <Filename Value="osdcreate.pas"/>
        <IsPartOfProject Value="True"/>
        <EditorIndex Value="5"/>
        <TopLine Value="459"/>
        <CursorPos X="57" Y="474"/>
        <ExtraEditorCount Value="1"/>
        <ExtraEditor1>
          <EditorIndex Value="-1"/>
          <WindowIndex Value="1"/>
          <TopLine Value="173"/>
          <CursorPos X="10" Y="189"/>
        </ExtraEditor1>
        <UsageCount Value="201"/>
        <Loaded Value="True"/>
        <DefaultSyntaxHighlighter Value="Delphi"/>
      </Unit23>
      <Unit24>
        <Filename Value="template-files\setupsingle.opsiscript"/>
        <EditorIndex Value="-1"/>
        <CursorPos Y="6"/>
        <UsageCount Value="12"/>
        <DefaultSyntaxHighlighter Value="None"/>
      </Unit24>
      <Unit25>
        <Filename Value="template-files\delsubsingle.opsiscript"/>
        <EditorIndex Value="-1"/>
        <TopLine Value="20"/>
        <CursorPos X="21" Y="42"/>
        <UsageCount Value="5"/>
        <DefaultSyntaxHighlighter Value="None"/>
      </Unit25>
      <Unit26>
        <Filename Value="files2opsi\CLIENT_DATA\delsub.opsiscript"/>
        <EditorIndex Value="-1"/>
        <TopLine Value="40"/>
        <UsageCount Value="7"/>
        <DefaultSyntaxHighlighter Value="None"/>
      </Unit26>
      <Unit27>
        <Filename Value="template-files\uninstallsingle.opsiscript"/>
        <EditorIndex Value="-1"/>
        <TopLine Value="28"/>
        <CursorPos X="23" Y="50"/>
        <UsageCount Value="1"/>
        <DefaultSyntaxHighlighter Value="None"/>
      </Unit27>
      <Unit28>
        <Filename Value="languages\opsisetupdetector.po"/>
        <EditorIndex Value="-1"/>
        <TopLine Value="10"/>
        <CursorPos Y="32"/>
        <UsageCount Value="6"/>
        <DefaultSyntaxHighlighter Value="PO"/>
      </Unit28>
      <Unit29>
        <Filename Value="osddlgnewdependency.pas"/>
        <IsPartOfProject Value="True"/>
        <ComponentName Value="FNewDepDlg"/>
        <HasResources Value="True"/>
        <ResourceBaseClass Value="Form"/>
        <EditorIndex Value="3"/>
        <CursorPos X="11" Y="73"/>
        <UsageCount Value="105"/>
        <Loaded Value="True"/>
        <LoadedDesigner Value="True"/>
        <DefaultSyntaxHighlighter Value="Delphi"/>
      </Unit29>
      <Unit30>
        <Filename Value="N:\usr\share\lazarus\1.8.4\lcl\grids.pas"/>
        <UnitName Value="Grids"/>
        <EditorIndex Value="-1"/>
        <TopLine Value="8006"/>
        <CursorPos Y="8017"/>
        <UsageCount Value="2"/>
        <DefaultSyntaxHighlighter Value="Delphi"/>
      </Unit30>
      <Unit31>
        <Filename Value="C:\lazarus\components\rtticontrols\rttigrids.pas"/>
        <UnitName Value="RTTIGrids"/>
        <EditorIndex Value="-1"/>
        <TopLine Value="14"/>
        <CursorPos X="40" Y="34"/>
        <UsageCount Value="2"/>
      </Unit31>
      <Unit32>
        <Filename Value="C:\lazarus\components\ideintf\objectinspector.pp"/>
        <UnitName Value="ObjectInspector"/>
        <EditorIndex Value="-1"/>
        <TopLine Value="193"/>
        <CursorPos X="3" Y="267"/>
        <UsageCount Value="2"/>
      </Unit32>
      <Unit33>
        <Filename Value="..\..\common\oscheckbinarybitness.pas"/>
        <IsPartOfProject Value="True"/>
        <EditorIndex Value="11"/>
        <TopLine Value="68"/>
        <CursorPos X="14" Y="3"/>
        <UsageCount Value="91"/>
        <Loaded Value="True"/>
        <DefaultSyntaxHighlighter Value="Delphi"/>
      </Unit33>
      <Unit34>
        <Filename Value="osddlgnewproperty.pas"/>
        <IsPartOfProject Value="True"/>
        <ComponentName Value="FNewPropDlg"/>
        <HasResources Value="True"/>
        <ResourceBaseClass Value="Form"/>
        <EditorIndex Value="4"/>
        <TopLine Value="81"/>
        <CursorPos X="27" Y="109"/>
        <UsageCount Value="82"/>
        <Loaded Value="True"/>
        <LoadedDesigner Value="True"/>
        <DefaultSyntaxHighlighter Value="Delphi"/>
      </Unit34>
      <Unit35>
        <Filename Value="..\..\common\osparserhelper.pas"/>
        <IsPartOfProject Value="True"/>
        <EditorIndex Value="4"/>
        <WindowIndex Value="1"/>
        <TopLine Value="4"/>
        <CursorPos X="33" Y="21"/>
        <UsageCount Value="74"/>
        <Loaded Value="True"/>
        <DefaultSyntaxHighlighter Value="Delphi"/>
      </Unit35>
      <Unit36>
        <Filename Value="C:\lazarus\lcl\dialogs.pp"/>
        <UnitName Value="Dialogs"/>
        <EditorIndex Value="-1"/>
        <TopLine Value="15"/>
        <CursorPos X="54" Y="35"/>
        <UsageCount Value="23"/>
      </Unit36>
      <Unit37>
        <Filename Value="C:\lazarus\fpc\3.0.4\source\rtl\inc\objpash.inc"/>
        <EditorIndex Value="-1"/>
        <TopLine Value="247"/>
        <CursorPos X="23" Y="194"/>
        <UsageCount Value="7"/>
      </Unit37>
    </Units>
    <OtherDefines Count="3">
      <Define0 Value="OPSI"/>
      <Define1 Value="OSDGUI"/>
      <Define2 Value="OPSI_AS_USER"/>
    </OtherDefines>
    <JumpHistory Count="30" HistoryIndex="29">
      <Position1>
        <Filename Value="osdform.pas"/>
        <Caret Line="309" Column="16" TopLine="289"/>
      </Position1>
      <Position2>
        <Filename Value="osdform.pas"/>
        <Caret Line="752" Column="34" TopLine="728"/>
      </Position2>
      <Position3>
        <Filename Value="osdform.pas"/>
        <Caret Line="858" Column="10" TopLine="853"/>
      </Position3>
      <Position4>
        <Filename Value="osdform.pas"/>
        <Caret Line="1828" Column="27" TopLine="1796"/>
      </Position4>
      <Position5>
        <Filename Value="osdform.pas"/>
        <Caret Line="309" Column="16" TopLine="289"/>
      </Position5>
      <Position6>
        <Filename Value="osdform.pas"/>
        <Caret Line="603" Column="5" TopLine="580"/>
      </Position6>
      <Position7>
        <Filename Value="osdform.pas"/>
        <Caret Line="1907" Column="49" TopLine="1894"/>
      </Position7>
      <Position8>
        <Filename Value="osdform.pas"/>
        <Caret Line="309" Column="16" TopLine="289"/>
      </Position8>
      <Position9>
        <Filename Value="osdform.pas"/>
        <Caret Line="597" Column="16" TopLine="730"/>
      </Position9>
      <Position10>
        <Filename Value="osdform.pas"/>
        <Caret Line="1901" Column="13" TopLine="1894"/>
      </Position10>
      <Position11>
        <Filename Value="osdform.pas"/>
        <Caret Line="309" Column="16" TopLine="289"/>
      </Position11>
      <Position12>
        <Filename Value="osdform.pas"/>
        <Caret Line="603" Column="3" TopLine="599"/>
      </Position12>
      <Position13>
        <Filename Value="osdform.pas"/>
        <Caret Line="292" Column="60" TopLine="278"/>
      </Position13>
      <Position14>
        <Filename Value="osdform.pas"/>
        <Caret Line="310" Column="16" TopLine="278"/>
      </Position14>
      <Position15>
        <Filename Value="osdform.pas"/>
        <Caret Line="44" Column="82" TopLine="39"/>
      </Position15>
      <Position16>
        <Filename Value="osdform.pas"/>
        <Caret Line="311" Column="16" TopLine="278"/>
      </Position16>
      <Position17>
        <Filename Value="osdform.pas"/>
        <Caret Line="818" TopLine="787"/>
      </Position17>
      <Position18>
        <Filename Value="osdform.pas"/>
        <Caret Line="1789" Column="45" TopLine="1784"/>
      </Position18>
      <Position19>
        <Filename Value="osdform.pas"/>
        <Caret Line="299" Column="35" TopLine="280"/>
      </Position19>
      <Position20>
        <Filename Value="osdform.pas"/>
        <Caret Line="1789" Column="45" TopLine="1757"/>
      </Position20>
      <Position21>
        <Filename Value="osdform.pas"/>
        <Caret Line="1801" Column="13" TopLine="1766"/>
      </Position21>
      <Position22>
        <Filename Value="osdform.pas"/>
        <Caret Line="1789" Column="25" TopLine="1769"/>
      </Position22>
      <Position23>
        <Filename Value="osdform.pas"/>
        <Caret Line="1776" Column="14" TopLine="1769"/>
      </Position23>
      <Position24>
        <Filename Value="osdform.pas"/>
        <Caret Line="1775" Column="14" TopLine="1768"/>
      </Position24>
      <Position25>
        <Filename Value="osdform.pas"/>
        <Caret Line="1770" Column="33" TopLine="1768"/>
      </Position25>
      <Position26>
        <Filename Value="osdform.pas"/>
        <Caret Line="1878" TopLine="1855"/>
      </Position26>
      <Position27>
        <Filename Value="osdform.pas"/>
        <Caret Line="284" Column="74" TopLine="275"/>
      </Position27>
      <Position28>
        <Filename Value="osdform.pas"/>
        <Caret Line="297" Column="35" TopLine="275"/>
      </Position28>
      <Position29>
        <Filename Value="osdform.pas"/>
        <Caret Line="1802" Column="23" TopLine="1782"/>
      </Position29>
      <Position30>
        <Filename Value="osdform.pas"/>
        <Caret Line="309" Column="17" TopLine="289"/>
      </Position30>
    </JumpHistory>
  </ProjectOptions>
  <CompilerOptions>
    <Version Value="11"/>
    <PathDelim Value="\"/>
    <Target>
      <Filename Value="opsisetupdetector"/>
    </Target>
    <SearchPaths>
      <IncludeFiles Value="$(ProjOutDir)"/>
      <OtherUnitFiles Value="C:\lazarus\components\thtml\;..\..\common"/>
      <UnitOutputDirectory Value="lib\$(TargetCPU)-$(TargetOS)"/>
    </SearchPaths>
    <Parsing>
      <SyntaxOptions>
        <SyntaxMode Value="Delphi"/>
      </SyntaxOptions>
    </Parsing>
    <CodeGeneration>
      <SmartLinkUnit Value="True"/>
    </CodeGeneration>
    <Linking>
      <Debugging>
        <GenerateDebugInfo Value="False"/>
        <UseLineInfoUnit Value="False"/>
        <StripSymbols Value="True"/>
      </Debugging>
      <LinkSmart Value="True"/>
      <Options>
        <Win32>
          <GraphicApplication Value="True"/>
        </Win32>
      </Options>
    </Linking>
    <Other>
      <CustomOptions Value="-dOPSI_AS_USER
-dOPSI
-dOSDGUI"/>
      <OtherDefines Count="3">
        <Define0 Value="OPSI_AS_USER"/>
        <Define1 Value="OPSI"/>
        <Define2 Value="OSDGUI"/>
      </OtherDefines>
    </Other>
  </CompilerOptions>
  <Debugging>
    <Watches Count="5">
      <Item1>
        <Expression Value="myExeDir"/>
      </Item1>
      <Item2>
        <Expression Value="packetBaseDir"/>
      </Item2>
      <Item3>
        <Expression Value="configFileName"/>
      </Item3>
      <Item4>
        <Expression Value="fConfig"/>
      </Item4>
      <Item5>
        <Expression Value="Edit10"/>
      </Item5>
    </Watches>
    <Exceptions Count="4">
      <Item1>
        <Name Value="EAbort"/>
      </Item1>
      <Item2>
        <Name Value="ECodetoolError"/>
      </Item2>
      <Item3>
        <Name Value="EFOpenError"/>
      </Item3>
      <Item4>
        <Name Value="EConvertError"/>
      </Item4>
    </Exceptions>
  </Debugging>
</CONFIG>
