<?xml version="1.0" encoding="UTF-8"?>
<CONFIG>
  <ProjectOptions>
    <Version Value="11"/>
    <PathDelim Value="\"/>
    <General>
      <MainUnit Value="0"/>
      <Title Value="opsi-setup-detector"/>
      <Scaled Value="True"/>
      <ResourceType Value="res"/>
      <UseXPManifest Value="True"/>
      <XPManifest>
        <DpiAware Value="Per-monitor"/>
        <TextName Value="uib gmbh.opsi.opsi-setup-detector"/>
        <TextDesc Value="Program to detect the silent / unattended parameters of setup files and create opsi package structure"/>
      </XPManifest>
      <Icon Value="0"/>
    </General>
    <i18n>
      <EnableI18N Value="True"/>
      <OutDir Value="locale"/>
    </i18n>
    <VersionInfo>
      <UseVersionInfo Value="True"/>
      <MajorVersionNr Value="4"/>
      <MinorVersionNr Value="1"/>
      <BuildNr Value="18"/>
      <StringTable CompanyName="uib gmbh (uib.de / opsi.org)" FileDescription="opsi setup detector" InternalName="opsi setup detector" LegalCopyright="AGPLv3" LegalTrademarks="opsi, opsi.org, open pc server integration" OriginalFilename="opsisetupdetector" ProductName="opsi" ProductVersion="opsi 4.1."/>
    </VersionInfo>
    <BuildModes Count="3" Active="Default">
      <Item1 Name="Default" Default="True"/>
      <Item2 Name="Debug">
        <CompilerOptions>
          <Version Value="11"/>
          <PathDelim Value="\"/>
          <Target>
            <Filename Value="opsisetupdetector"/>
          </Target>
          <SearchPaths>
            <IncludeFiles Value="$(ProjOutDir)"/>
            <OtherUnitFiles Value="..\..\common;..\..\external_libraries\misc"/>
            <UnitOutputDirectory Value="lib\$(TargetCPU)-$(TargetOS)"/>
          </SearchPaths>
          <Parsing>
            <SyntaxOptions>
              <SyntaxMode Value="Delphi"/>
              <IncludeAssertionCode Value="True"/>
            </SyntaxOptions>
          </Parsing>
          <CodeGeneration>
            <Checks>
              <IOChecks Value="True"/>
              <RangeChecks Value="True"/>
              <OverflowChecks Value="True"/>
              <StackChecks Value="True"/>
            </Checks>
            <VerifyObjMethodCallValidity Value="True"/>
          </CodeGeneration>
          <Linking>
            <Debugging>
              <DebugInfoType Value="dsDwarf2Set"/>
              <UseHeaptrc Value="True"/>
              <TrashVariables Value="True"/>
              <UseValgrind Value="True"/>
              <StripSymbols Value="True"/>
              <UseExternalDbgSyms Value="True"/>
            </Debugging>
            <Options>
              <Win32>
                <GraphicApplication Value="True"/>
              </Win32>
            </Options>
          </Linking>
          <Other>
            <CustomOptions Value="-dOPSI
-dOSDGUI
-dOPSI_AS_USER
-dDEBUG"/>
            <OtherDefines Count="4">
              <Define0 Value="OPSI"/>
              <Define1 Value="OSDGUI"/>
              <Define2 Value="OPSI_AS_USER"/>
              <Define3 Value="DEBUG"/>
            </OtherDefines>
          </Other>
        </CompilerOptions>
      </Item2>
      <Item3 Name="Release">
        <CompilerOptions>
          <Version Value="11"/>
          <PathDelim Value="\"/>
          <Target>
            <Filename Value="opsisetupdetector"/>
          </Target>
          <SearchPaths>
            <IncludeFiles Value="$(ProjOutDir)"/>
            <OtherUnitFiles Value="..\..\common;..\..\external_libraries\misc"/>
            <UnitOutputDirectory Value="lib\$(TargetCPU)-$(TargetOS)"/>
          </SearchPaths>
          <Parsing>
            <SyntaxOptions>
              <SyntaxMode Value="Delphi"/>
            </SyntaxOptions>
          </Parsing>
          <CodeGeneration>
            <SmartLinkUnit Value="True"/>
            <Optimizations>
              <OptimizationLevel Value="3"/>
            </Optimizations>
            <SmallerCode Value="True"/>
          </CodeGeneration>
          <Linking>
            <Debugging>
              <GenerateDebugInfo Value="False"/>
              <UseLineInfoUnit Value="False"/>
              <StripSymbols Value="True"/>
            </Debugging>
            <LinkSmart Value="True"/>
            <Options>
              <Win32>
                <GraphicApplication Value="True"/>
              </Win32>
            </Options>
          </Linking>
          <Other>
            <CustomOptions Value="-dOSDGUI
-dOPSI_AS_USER
-dOPSI"/>
            <OtherDefines Count="3">
              <Define0 Value="OSDGUI"/>
              <Define1 Value="OPSI_AS_USER"/>
              <Define2 Value="OPSI"/>
            </OtherDefines>
          </Other>
        </CompilerOptions>
      </Item3>
    </BuildModes>
    <PublishOptions>
      <Version Value="2"/>
    </PublishOptions>
    <RunParams>
      <FormatVersion Value="2"/>
      <Modes Count="1">
        <Mode0 Name="default"/>
      </Modes>
    </RunParams>
    <RequiredPackages Count="2">
      <Item1>
        <PackageName Value="RunTimeTypeInfoControls"/>
      </Item1>
      <Item2>
        <PackageName Value="LCL"/>
        <MinVersion Major="1" Valid="True"/>
      </Item2>
    </RequiredPackages>
    <Units Count="70">
      <Unit0>
        <Filename Value="opsisetupdetector.lpr"/>
        <IsPartOfProject Value="True"/>
        <EditorIndex Value="1"/>
        <CursorPos X="18" Y="38"/>
        <UsageCount Value="200"/>
        <Loaded Value="True"/>
        <DefaultSyntaxHighlighter Value="Delphi"/>
      </Unit0>
      <Unit1>
        <Filename Value="osdform.pas"/>
        <IsPartOfProject Value="True"/>
        <ComponentName Value="resultForm1"/>
        <HasResources Value="True"/>
        <ResourceBaseClass Value="Form"/>
        <EditorIndex Value="3"/>
        <TopLine Value="996"/>
        <CursorPos X="31" Y="1005"/>
        <ExtraEditorCount Value="1"/>
        <ExtraEditor1>
          <EditorIndex Value="-1"/>
          <WindowIndex Value="-1"/>
          <TopLine Value="2168"/>
          <CursorPos Y="2177"/>
        </ExtraEditor1>
        <UsageCount Value="200"/>
        <Loaded Value="True"/>
        <LoadedDesigner Value="True"/>
        <DefaultSyntaxHighlighter Value="Delphi"/>
      </Unit1>
      <Unit2>
        <Filename Value="manifest.xml"/>
        <CursorPos X="48" Y="10"/>
        <UsageCount Value="28"/>
        <DefaultSyntaxHighlighter Value="XML"/>
      </Unit2>
      <Unit3>
        <Filename Value="VersionInfoX.pas"/>
        <EditorIndex Value="-1"/>
        <CursorPos X="30"/>
        <UsageCount Value="171"/>
        <DefaultSyntaxHighlighter Value="Delphi"/>
      </Unit3>
      <Unit4>
        <Filename Value="changelog.txt"/>
        <CursorPos X="32" Y="11"/>
        <UsageCount Value="28"/>
        <DefaultSyntaxHighlighter Value="None"/>
      </Unit4>
      <Unit5>
        <Filename Value="msi2opsi.lpr"/>
        <CursorPos X="32" Y="6"/>
        <UsageCount Value="7"/>
        <DefaultSyntaxHighlighter Value="Delphi"/>
      </Unit5>
      <Unit6>
        <Filename Value="msi2opsi-files\CLIENT_DATA\setup32.opsiscript"/>
        <CursorPos X="60" Y="15"/>
        <UsageCount Value="7"/>
        <DefaultSyntaxHighlighter Value="None"/>
      </Unit6>
      <Unit7>
        <Filename Value="msi2opsi-files\CLIENT_DATA\check_msi_exitcode.opsiscript"/>
        <UsageCount Value="10"/>
        <DefaultSyntaxHighlighter Value="None"/>
      </Unit7>
      <Unit8>
        <Filename Value="C:\lazarus\lcl\include\control.inc"/>
        <EditorIndex Value="-1"/>
        <TopLine Value="566"/>
        <CursorPos X="42" Y="579"/>
        <UsageCount Value="9"/>
        <DefaultSyntaxHighlighter Value="Delphi"/>
      </Unit8>
      <Unit9>
        <Filename Value="resultform.lfm"/>
        <EditorIndex Value="-1"/>
        <TopLine Value="541"/>
        <CursorPos X="23" Y="549"/>
        <UsageCount Value="12"/>
        <DefaultSyntaxHighlighter Value="LFM"/>
      </Unit9>
      <Unit10>
        <Filename Value="help.pas"/>
        <ComponentName Value="FormHelp"/>
        <HasResources Value="True"/>
        <ResourceBaseClass Value="Form"/>
        <UnitName Value="Help"/>
        <EditorIndex Value="-1"/>
        <CursorPos X="17" Y="61"/>
        <UsageCount Value="67"/>
        <DefaultSyntaxHighlighter Value="Delphi"/>
      </Unit10>
      <Unit11>
        <Filename Value="trash.txt"/>
        <EditorIndex Value="-1"/>
        <TopLine Value="1756"/>
        <CursorPos X="28" Y="1776"/>
        <UsageCount Value="162"/>
        <DefaultSyntaxHighlighter Value="None"/>
      </Unit11>
      <Unit12>
        <Filename Value="changelog-osd.txt"/>
        <IsPartOfProject Value="True"/>
        <TopLine Value="64"/>
        <CursorPos Y="82"/>
        <UsageCount Value="202"/>
        <Loaded Value="True"/>
        <DefaultSyntaxHighlighter Value="None"/>
      </Unit12>
      <Unit13>
        <Filename Value="osdanalyzewin.pas"/>
        <IsPartOfProject Value="True"/>
        <EditorIndex Value="-1"/>
        <CursorPos X="30" Y="4"/>
        <ExtraEditorCount Value="1"/>
        <ExtraEditor1>
          <EditorIndex Value="-1"/>
          <TopLine Value="1339"/>
          <CursorPos X="49" Y="1363"/>
        </ExtraEditor1>
        <UsageCount Value="212"/>
        <DefaultSyntaxHighlighter Value="Delphi"/>
      </Unit13>
      <Unit14>
        <Filename Value="osdhelper.pas"/>
        <IsPartOfProject Value="True"/>
        <EditorIndex Value="8"/>
        <TopLine Value="194"/>
        <CursorPos X="5" Y="232"/>
        <UsageCount Value="240"/>
        <Bookmarks Count="1">
          <Item0 Y="51"/>
        </Bookmarks>
        <Loaded Value="True"/>
        <DefaultSyntaxHighlighter Value="Delphi"/>
      </Unit14>
      <Unit15>
        <Filename Value="..\..\common\oslog.pas"/>
        <IsPartOfProject Value="True"/>
        <EditorIndex Value="2"/>
        <TopLine Value="1108"/>
        <CursorPos X="5" Y="1128"/>
        <UsageCount Value="235"/>
        <Loaded Value="True"/>
        <DefaultSyntaxHighlighter Value="Delphi"/>
      </Unit15>
      <Unit16>
        <Filename Value="osdbasedata.pas"/>
        <IsPartOfProject Value="True"/>
        <IsVisibleTab Value="True"/>
        <EditorIndex Value="6"/>
        <TopLine Value="730"/>
        <CursorPos X="78" Y="747"/>
        <ExtraEditorCount Value="1"/>
        <ExtraEditor1>
          <EditorIndex Value="-1"/>
          <WindowIndex Value="-1"/>
          <TopLine Value="729"/>
          <CursorPos X="54" Y="753"/>
        </ExtraEditor1>
        <UsageCount Value="226"/>
        <Loaded Value="True"/>
        <DefaultSyntaxHighlighter Value="Delphi"/>
      </Unit16>
      <Unit17>
        <Filename Value="msi2opsi-files\CLIENT_DATA\setup64.ins"/>
        <EditorIndex Value="-1"/>
        <TopLine Value="73"/>
        <CursorPos X="79" Y="97"/>
        <UsageCount Value="3"/>
        <DefaultSyntaxHighlighter Value="None"/>
      </Unit17>
      <Unit18>
        <Filename Value="osdconfigdlg.pas"/>
        <IsPartOfProject Value="True"/>
        <ComponentName Value="FOSDConfigdlg"/>
        <HasResources Value="True"/>
        <ResourceBaseClass Value="Form"/>
        <EditorIndex Value="-1"/>
        <TopLine Value="89"/>
        <CursorPos X="14" Y="10"/>
        <UsageCount Value="203"/>
        <DefaultSyntaxHighlighter Value="Delphi"/>
      </Unit18>
      <Unit19>
        <Filename Value="osdcreate.pas"/>
        <IsPartOfProject Value="True"/>
        <EditorIndex Value="5"/>
        <TopLine Value="445"/>
        <CursorPos X="43" Y="458"/>
        <ExtraEditorCount Value="1"/>
        <ExtraEditor1>
          <EditorIndex Value="-1"/>
          <WindowIndex Value="-1"/>
          <TopLine Value="679"/>
          <CursorPos X="8" Y="660"/>
        </ExtraEditor1>
        <UsageCount Value="201"/>
        <Loaded Value="True"/>
        <DefaultSyntaxHighlighter Value="Delphi"/>
      </Unit19>
      <Unit20>
        <Filename Value="template-files\setupsingle.opsiscript"/>
        <EditorIndex Value="-1"/>
        <TopLine Value="53"/>
        <CursorPos X="62" Y="60"/>
        <UsageCount Value="92"/>
        <DefaultSyntaxHighlighter Value="None"/>
      </Unit20>
      <Unit21>
        <Filename Value="template-files\delsubsingle.opsiscript"/>
        <EditorIndex Value="-1"/>
        <WindowIndex Value="-1"/>
        <CursorPos X="38" Y="15"/>
        <UsageCount Value="88"/>
        <DefaultSyntaxHighlighter Value="None"/>
      </Unit21>
      <Unit22>
        <Filename Value="osddlgnewdependency.pas"/>
        <IsPartOfProject Value="True"/>
        <ComponentName Value="FNewDepDlg"/>
        <HasResources Value="True"/>
        <ResourceBaseClass Value="Form"/>
        <EditorIndex Value="-1"/>
        <TopLine Value="16"/>
        <CursorPos X="45" Y="21"/>
        <UsageCount Value="200"/>
        <DefaultSyntaxHighlighter Value="Delphi"/>
      </Unit22>
      <Unit23>
        <Filename Value="..\..\common\oscheckbinarybitness.pas"/>
        <IsPartOfProject Value="True"/>
        <EditorIndex Value="-1"/>
        <TopLine Value="5"/>
        <CursorPos X="18" Y="113"/>
        <UsageCount Value="200"/>
        <DefaultSyntaxHighlighter Value="Delphi"/>
      </Unit23>
      <Unit24>
        <Filename Value="osddlgnewproperty.pas"/>
        <IsPartOfProject Value="True"/>
        <ComponentName Value="FNewPropDlg"/>
        <HasResources Value="True"/>
        <ResourceBaseClass Value="Form"/>
        <EditorIndex Value="-1"/>
        <TopLine Value="10"/>
        <CursorPos X="60" Y="27"/>
        <UsageCount Value="201"/>
        <DefaultSyntaxHighlighter Value="Delphi"/>
      </Unit24>
      <Unit25>
        <Filename Value="..\..\common\osparserhelper.pas"/>
        <IsPartOfProject Value="True"/>
        <EditorIndex Value="-1"/>
        <CursorPos X="20" Y="21"/>
        <UsageCount Value="201"/>
        <DefaultSyntaxHighlighter Value="Delphi"/>
      </Unit25>
      <Unit26>
        <Filename Value="C:\lazarus\fpc\3.0.4\source\rtl\objpas\sysutils\sysstrh.inc"/>
        <EditorIndex Value="-1"/>
        <TopLine Value="52"/>
        <CursorPos X="10" Y="72"/>
        <UsageCount Value="1"/>
        <DefaultSyntaxHighlighter Value="Delphi"/>
      </Unit26>
      <Unit27>
        <Filename Value="N:\usr\share\lazarus\1.8.4\lcl\include\fpimagebitmap.inc"/>
        <EditorIndex Value="-1"/>
        <TopLine Value="123"/>
        <CursorPos Y="141"/>
        <UsageCount Value="1"/>
        <DefaultSyntaxHighlighter Value="Delphi"/>
      </Unit27>
      <Unit28>
        <Filename Value="C:\lazarus\fpc\3.0.4\source\packages\fcl-base\src\fileinfo.pp"/>
        <EditorIndex Value="-1"/>
        <TopLine Value="5"/>
        <CursorPos X="3" Y="28"/>
        <UsageCount Value="14"/>
        <DefaultSyntaxHighlighter Value="Delphi"/>
      </Unit28>
      <Unit29>
        <Filename Value="C:\lazarus\fpc\3.0.4\source\packages\fcl-res\src\versiontypes.pp"/>
        <EditorIndex Value="-1"/>
        <UsageCount Value="3"/>
        <DefaultSyntaxHighlighter Value="Delphi"/>
      </Unit29>
      <Unit30>
        <Filename Value="C:\lazarus\fpc\3.0.4\source\packages\fcl-res\src\versionresource.pp"/>
        <EditorIndex Value="-1"/>
        <UsageCount Value="3"/>
        <DefaultSyntaxHighlighter Value="Delphi"/>
      </Unit30>
      <Unit31>
        <Filename Value="template-files\setupdouble.opsiscript"/>
        <EditorIndex Value="-1"/>
        <WindowIndex Value="-1"/>
        <TopLine Value="89"/>
        <CursorPos X="39" Y="100"/>
        <UsageCount Value="91"/>
        <DefaultSyntaxHighlighter Value="None"/>
      </Unit31>
      <Unit32>
        <Filename Value="..\..\common\osencoding.pas"/>
        <IsPartOfProject Value="True"/>
        <EditorIndex Value="-1"/>
        <TopLine Value="351"/>
        <CursorPos X="46" Y="356"/>
        <UsageCount Value="203"/>
        <DefaultSyntaxHighlighter Value="Delphi"/>
      </Unit32>
      <Unit33>
        <Filename Value="template-files\delsubdouble.opsiscript"/>
        <EditorIndex Value="-1"/>
        <WindowIndex Value="-1"/>
        <TopLine Value="8"/>
        <CursorPos X="38" Y="36"/>
        <UsageCount Value="90"/>
        <DefaultSyntaxHighlighter Value="None"/>
      </Unit33>
      <Unit34>
        <Filename Value="C:\lazarus\lcl\grids.pas"/>
        <UnitName Value="Grids"/>
        <EditorIndex Value="-1"/>
        <TopLine Value="10368"/>
        <CursorPos Y="10388"/>
        <UsageCount Value="1"/>
        <DefaultSyntaxHighlighter Value="Delphi"/>
      </Unit34>
      <Unit35>
        <Filename Value="N:\usr\share\lazarus\2.0.0\components\ideintf\propedits.pp"/>
        <UnitName Value="PropEdits"/>
        <EditorIndex Value="-1"/>
        <WindowIndex Value="-1"/>
        <TopLine Value="4469"/>
        <CursorPos X="52" Y="4482"/>
        <UsageCount Value="10"/>
        <DefaultSyntaxHighlighter Value="Delphi"/>
      </Unit35>
      <Unit36>
        <Filename Value="N:\usr\share\lazarus\2.0.0\components\ideintf\collectionpropeditform.pas"/>
        <ComponentName Value="CollectionPropertyEditorForm"/>
        <HasResources Value="True"/>
        <ResourceBaseClass Value="Form"/>
        <UnitName Value="CollectionPropEditForm"/>
        <EditorIndex Value="-1"/>
        <WindowIndex Value="-1"/>
        <TopLine Value="71"/>
        <CursorPos Y="118"/>
        <UsageCount Value="10"/>
        <DefaultSyntaxHighlighter Value="Delphi"/>
      </Unit36>
      <Unit37>
        <Filename Value="utils\extractMSI.cmd"/>
        <EditorIndex Value="-1"/>
        <TopLine Value="77"/>
        <CursorPos X="17" Y="103"/>
        <UsageCount Value="44"/>
        <DefaultSyntaxHighlighter Value="None"/>
      </Unit37>
      <Unit38>
        <Filename Value="..\..\external_libraries\misc\VerInfo.pp"/>
        <IsPartOfProject Value="True"/>
        <EditorIndex Value="-1"/>
        <TopLine Value="132"/>
        <CursorPos X="64" Y="141"/>
        <UsageCount Value="201"/>
        <DefaultSyntaxHighlighter Value="Delphi"/>
      </Unit38>
      <Unit39>
        <Filename Value="..\..\external_libraries\misc\DSiWin32.pas"/>
        <EditorIndex Value="-1"/>
        <TopLine Value="924"/>
        <CursorPos X="61" Y="936"/>
        <UsageCount Value="70"/>
        <DefaultSyntaxHighlighter Value="Delphi"/>
      </Unit39>
      <Unit40>
        <Filename Value="C:\lazarus\lcl\include\buttoncontrol.inc"/>
        <EditorIndex Value="-1"/>
        <TopLine Value="33"/>
        <CursorPos Y="56"/>
        <UsageCount Value="10"/>
        <DefaultSyntaxHighlighter Value="Delphi"/>
      </Unit40>
      <Unit41>
        <Filename Value="C:\lazarus\lcl\include\customcheckbox.inc"/>
        <EditorIndex Value="-1"/>
        <TopLine Value="52"/>
        <CursorPos Y="69"/>
        <UsageCount Value="3"/>
        <DefaultSyntaxHighlighter Value="Delphi"/>
      </Unit41>
      <Unit42>
        <Filename Value="C:\lazarus\lcl\include\wincontrol.inc"/>
        <EditorIndex Value="-1"/>
        <TopLine Value="5396"/>
        <CursorPos Y="5412"/>
        <UsageCount Value="3"/>
        <DefaultSyntaxHighlighter Value="Delphi"/>
      </Unit42>
      <Unit43>
        <Filename Value="C:\lazarus\lcl\lclmessageglue.pas"/>
        <UnitName Value="LCLMessageGlue"/>
        <EditorIndex Value="-1"/>
        <TopLine Value="103"/>
        <CursorPos Y="119"/>
        <UsageCount Value="3"/>
        <DefaultSyntaxHighlighter Value="Delphi"/>
      </Unit43>
      <Unit44>
        <Filename Value="C:\lazarus\lcl\controls.pp"/>
        <UnitName Value="Controls"/>
        <EditorIndex Value="-1"/>
        <CursorPos X="15" Y="1609"/>
        <UsageCount Value="9"/>
        <DefaultSyntaxHighlighter Value="Delphi"/>
      </Unit44>
      <Unit45>
        <Filename Value="C:\lazarus\components\lazutils\fileutil.pas"/>
        <UnitName Value="FileUtil"/>
        <EditorIndex Value="-1"/>
        <TopLine Value="167"/>
        <CursorPos X="5" Y="184"/>
        <UsageCount Value="6"/>
        <DefaultSyntaxHighlighter Value="Delphi"/>
      </Unit45>
      <Unit46>
        <Filename Value="C:\usr\share\lazarus\2.0.6\lcl\interfaces\gtk2\gtk2callback.inc"/>
        <EditorIndex Value="-1"/>
        <TopLine Value="2117"/>
        <CursorPos X="79" Y="2124"/>
        <UsageCount Value="8"/>
        <DefaultSyntaxHighlighter Value="Delphi"/>
      </Unit46>
      <Unit47>
        <Filename Value="C:\usr\share\lazarus\2.0.6\lcl\lcltranslator.pas"/>
        <UnitName Value="LCLTranslator"/>
        <EditorIndex Value="-1"/>
        <TopLine Value="525"/>
        <CursorPos X="46" Y="535"/>
        <UsageCount Value="7"/>
        <DefaultSyntaxHighlighter Value="Delphi"/>
      </Unit47>
      <Unit48>
        <Filename Value="C:\usr\share\lazarus\2.0.6\lcl\include\picture.inc"/>
        <EditorIndex Value="-1"/>
        <TopLine Value="657"/>
        <CursorPos X="27" Y="667"/>
        <UsageCount Value="1"/>
        <DefaultSyntaxHighlighter Value="Delphi"/>
      </Unit48>
      <Unit49>
        <Filename Value="C:\usr\share\lazarus\2.0.10\lcl\include\fpimagebitmap.inc"/>
        <EditorIndex Value="-1"/>
        <TopLine Value="119"/>
        <CursorPos Y="141"/>
        <UsageCount Value="2"/>
        <DefaultSyntaxHighlighter Value="Delphi"/>
      </Unit49>
      <Unit50>
        <Filename Value="C:\usr\share\lazarus\2.0.10\lcl\include\bitbtn.inc"/>
        <EditorIndex Value="-1"/>
        <TopLine Value="80"/>
        <CursorPos Y="103"/>
        <UsageCount Value="2"/>
        <DefaultSyntaxHighlighter Value="Delphi"/>
      </Unit50>
      <Unit51>
        <Filename Value="C:\usr\share\lazarus\2.0.10\lcl\include\graphic.inc"/>
        <EditorIndex Value="-1"/>
        <TopLine Value="218"/>
        <CursorPos Y="242"/>
        <UsageCount Value="2"/>
        <DefaultSyntaxHighlighter Value="Delphi"/>
      </Unit51>
      <Unit52>
        <Filename Value="C:\usr\share\lazarus\2.0.10\lcl\include\rasterimage.inc"/>
        <EditorIndex Value="-1"/>
        <TopLine Value="427"/>
        <CursorPos Y="441"/>
        <UsageCount Value="2"/>
        <DefaultSyntaxHighlighter Value="Delphi"/>
      </Unit52>
      <Unit53>
        <Filename Value="C:\usr\share\lazarus\2.0.10\lcl\include\bitmap.inc"/>
        <EditorIndex Value="-1"/>
        <TopLine Value="130"/>
        <CursorPos Y="150"/>
        <UsageCount Value="2"/>
        <DefaultSyntaxHighlighter Value="Delphi"/>
      </Unit53>
      <Unit54>
        <Filename Value="C:\usr\share\lazarus\2.0.10\lcl\grids.pas"/>
        <UnitName Value="Grids"/>
        <EditorIndex Value="-1"/>
        <TopLine Value="10412"/>
        <CursorPos Y="10434"/>
        <UsageCount Value="3"/>
        <DefaultSyntaxHighlighter Value="Delphi"/>
      </Unit54>
      <Unit55>
        <Filename Value="osddatamod.pas"/>
        <IsPartOfProject Value="True"/>
        <ComponentName Value="DataModule1"/>
        <HasResources Value="True"/>
        <ResourceBaseClass Value="DataModule"/>
        <EditorIndex Value="-1"/>
        <TopLine Value="42"/>
        <CursorPos X="36" Y="55"/>
        <UsageCount Value="108"/>
        <DefaultSyntaxHighlighter Value="Delphi"/>
      </Unit55>
      <Unit56>
        <Filename Value="C:\usr\share\fpcsrc\3.2.0\rtl\objpas\sysutils\sysstrh.inc"/>
        <EditorIndex Value="-1"/>
        <TopLine Value="28"/>
        <CursorPos X="4" Y="28"/>
        <UsageCount Value="4"/>
        <DefaultSyntaxHighlighter Value="Delphi"/>
      </Unit56>
      <Unit57>
        <Filename Value="osdcheckentriesdlg.pas"/>
        <IsPartOfProject Value="True"/>
        <ComponentName Value="FCheckenties"/>
        <HasResources Value="True"/>
        <ResourceBaseClass Value="Form"/>
        <EditorIndex Value="-1"/>
        <TopLine Value="25"/>
        <CursorPos X="21" Y="36"/>
        <UsageCount Value="105"/>
        <DefaultSyntaxHighlighter Value="Delphi"/>
      </Unit57>
      <Unit58>
        <Filename Value="C:\usr\share\lazarus\2.0.10\docs\xml\lcl\dialogs\tryshowmessage.pas"/>
        <UnitName Value="LazMessage"/>
        <EditorIndex Value="-1"/>
        <UsageCount Value="5"/>
        <DefaultSyntaxHighlighter Value="Delphi"/>
      </Unit58>
      <Unit59>
        <Filename Value="C:\usr\share\lazarus\2.0.10\lcl\forms.pp"/>
        <UnitName Value="Forms"/>
        <EditorIndex Value="-1"/>
        <TopLine Value="1276"/>
        <CursorPos X="76" Y="1297"/>
        <UsageCount Value="5"/>
        <DefaultSyntaxHighlighter Value="Delphi"/>
      </Unit59>
      <Unit60>
        <Filename Value="C:\lazarus\lcl\dialogs.pp"/>
        <UnitName Value="Dialogs"/>
        <EditorIndex Value="-1"/>
        <TopLine Value="25"/>
        <CursorPos X="3" Y="44"/>
        <UsageCount Value="5"/>
        <DefaultSyntaxHighlighter Value="Delphi"/>
      </Unit60>
      <Unit61>
        <Filename Value="osdanalyzemac.pas"/>
        <IsPartOfProject Value="True"/>
        <EditorIndex Value="9"/>
        <TopLine Value="518"/>
        <CursorPos X="30" Y="532"/>
        <UsageCount Value="63"/>
        <Loaded Value="True"/>
        <DefaultSyntaxHighlighter Value="Delphi"/>
      </Unit61>
      <Unit62>
        <Filename Value="osdanalyzelin.pas"/>
        <IsPartOfProject Value="True"/>
        <UnitName Value="osdanalyzeLin"/>
        <EditorIndex Value="-1"/>
        <TopLine Value="1312"/>
        <CursorPos X="21" Y="1322"/>
        <UsageCount Value="63"/>
        <DefaultSyntaxHighlighter Value="Delphi"/>
      </Unit62>
      <Unit63>
        <Filename Value="template-files\mac\setupsingle.opsiscript"/>
        <EditorIndex Value="14"/>
        <TopLine Value="53"/>
        <CursorPos X="3" Y="77"/>
        <UsageCount Value="29"/>
        <Loaded Value="True"/>
        <DefaultSyntaxHighlighter Value="None"/>
      </Unit63>
      <Unit64>
        <Filename Value="template-files\mac\delsubsingle.opsiscript"/>
        <EditorIndex Value="13"/>
        <CursorPos Y="17"/>
        <UsageCount Value="28"/>
        <Loaded Value="True"/>
        <DefaultSyntaxHighlighter Value="None"/>
      </Unit64>
      <Unit65>
        <Filename Value="..\..\..\..\..\..\usr\share\lazarus\2.0.10\lcl\dialogs.pp"/>
        <UnitName Value="Dialogs"/>
        <EditorIndex Value="4"/>
        <TopLine Value="180"/>
        <CursorPos X="3" Y="213"/>
        <UsageCount Value="28"/>
        <Loaded Value="True"/>
      </Unit65>
      <Unit66>
        <Filename Value="..\..\common\oszip.pas"/>
        <IsPartOfProject Value="True"/>
        <UnitName Value="OsZip"/>
        <EditorIndex Value="11"/>
        <TopLine Value="16"/>
        <CursorPos X="63" Y="21"/>
        <UsageCount Value="53"/>
        <Loaded Value="True"/>
        <DefaultSyntaxHighlighter Value="Delphi"/>
      </Unit66>
      <Unit67>
        <Filename Value="..\..\..\..\..\..\usr\share\fpcsrc\3.2.0\packages\paszlib\src\zipper.pp"/>
        <UnitName Value="Zipper"/>
        <EditorIndex Value="12"/>
        <TopLine Value="676"/>
        <CursorPos X="3" Y="525"/>
        <UsageCount Value="26"/>
        <Loaded Value="True"/>
      </Unit67>
      <Unit68>
        <Filename Value="..\..\common\osregex.pas"/>
        <IsPartOfProject Value="True"/>
        <EditorIndex Value="10"/>
        <CursorPos X="40" Y="15"/>
        <UsageCount Value="52"/>
        <Loaded Value="True"/>
        <DefaultSyntaxHighlighter Value="Delphi"/>
      </Unit68>
      <Unit69>
        <Filename Value="..\..\..\..\..\..\usr\share\fpcsrc\3.2.0\packages\fcl-json\src\fpjsonrtti.pp"/>
        <EditorIndex Value="7"/>
        <TopLine Value="68"/>
        <CursorPos X="16" Y="45"/>
        <UsageCount Value="11"/>
        <Loaded Value="True"/>
      </Unit69>
    </Units>
    <OtherDefines Count="3">
      <Define0 Value="OSDGUI"/>
      <Define1 Value="OPSI_AS_USER"/>
      <Define2 Value="OPSI"/>
    </OtherDefines>
    <JumpHistory Count="30" HistoryIndex="29">
      <Position1>
        <Filename Value="osdbasedata.pas"/>
        <Caret Line="725" TopLine="717"/>
      </Position1>
      <Position2>
        <Filename Value="osdbasedata.pas"/>
        <Caret Line="726" TopLine="717"/>
      </Position2>
      <Position3>
        <Filename Value="osdbasedata.pas"/>
        <Caret Line="734" TopLine="717"/>
      </Position3>
      <Position4>
        <Filename Value="osdbasedata.pas"/>
        <Caret Line="735" TopLine="717"/>
      </Position4>
      <Position5>
        <Filename Value="osdbasedata.pas"/>
        <Caret Line="741" TopLine="717"/>
      </Position5>
      <Position6>
        <Filename Value="osdbasedata.pas"/>
        <Caret Line="743" TopLine="717"/>
      </Position6>
      <Position7>
        <Filename Value="osdbasedata.pas"/>
        <Caret Line="323" Column="31" TopLine="300"/>
      </Position7>
      <Position8>
        <Filename Value="osdbasedata.pas"/>
        <Caret Line="752" Column="37" TopLine="732"/>
      </Position8>
      <Position9>
        <Filename Value="osdcreate.pas"/>
        <Caret Line="458" Column="43" TopLine="445"/>
      </Position9>
      <Position10>
        <Filename Value="osdbasedata.pas"/>
        <Caret Line="728" TopLine="709"/>
      </Position10>
      <Position11>
        <Filename Value="osdbasedata.pas"/>
        <Caret Line="729" TopLine="709"/>
      </Position11>
      <Position12>
        <Filename Value="osdbasedata.pas"/>
        <Caret Line="730" TopLine="709"/>
      </Position12>
      <Position13>
        <Filename Value="osdbasedata.pas"/>
        <Caret Line="731" TopLine="709"/>
      </Position13>
      <Position14>
        <Filename Value="osdbasedata.pas"/>
        <Caret Line="736" TopLine="709"/>
      </Position14>
      <Position15>
        <Filename Value="osdbasedata.pas"/>
        <Caret Line="737" TopLine="709"/>
      </Position15>
      <Position16>
        <Filename Value="osdbasedata.pas"/>
        <Caret Line="739" TopLine="709"/>
      </Position16>
      <Position17>
        <Filename Value="osdbasedata.pas"/>
        <Caret Line="740" TopLine="709"/>
      </Position17>
      <Position18>
        <Filename Value="osdbasedata.pas"/>
        <Caret Line="744" TopLine="713"/>
      </Position18>
      <Position19>
        <Filename Value="osdbasedata.pas"/>
        <Caret Line="745" TopLine="714"/>
      </Position19>
      <Position20>
        <Filename Value="osdbasedata.pas"/>
        <Caret Line="746" TopLine="715"/>
      </Position20>
      <Position21>
        <Filename Value="osdbasedata.pas"/>
        <Caret Line="747" TopLine="716"/>
      </Position21>
      <Position22>
        <Filename Value="osdbasedata.pas"/>
        <Caret Line="748" TopLine="717"/>
      </Position22>
      <Position23>
        <Filename Value="osdbasedata.pas"/>
        <Caret Line="749" TopLine="718"/>
      </Position23>
      <Position24>
        <Filename Value="osdbasedata.pas"/>
        <Caret Line="750" TopLine="719"/>
      </Position24>
      <Position25>
        <Filename Value="osdbasedata.pas"/>
        <Caret Line="751" TopLine="720"/>
      </Position25>
      <Position26>
        <Filename Value="osdbasedata.pas"/>
        <Caret Line="752" TopLine="721"/>
      </Position26>
      <Position27>
        <Filename Value="osdbasedata.pas"/>
        <Caret Line="753" TopLine="722"/>
      </Position27>
      <Position28>
        <Filename Value="osdbasedata.pas"/>
        <Caret Line="754" TopLine="723"/>
      </Position28>
      <Position29>
        <Filename Value="osdbasedata.pas"/>
        <Caret Line="755" TopLine="724"/>
      </Position29>
      <Position30>
        <Filename Value="osdbasedata.pas"/>
        <Caret Line="756" Column="41" TopLine="730"/>
      </Position30>
    </JumpHistory>
  </ProjectOptions>
  <CompilerOptions>
    <Version Value="11"/>
    <PathDelim Value="\"/>
    <Target>
      <Filename Value="opsisetupdetector"/>
    </Target>
    <SearchPaths>
      <IncludeFiles Value="$(ProjOutDir)"/>
      <OtherUnitFiles Value="..\..\common;..\..\external_libraries\misc"/>
      <UnitOutputDirectory Value="lib\$(TargetCPU)-$(TargetOS)"/>
    </SearchPaths>
    <Parsing>
      <SyntaxOptions>
        <SyntaxMode Value="Delphi"/>
      </SyntaxOptions>
    </Parsing>
    <CodeGeneration>
      <SmartLinkUnit Value="True"/>
    </CodeGeneration>
    <Linking>
      <Debugging>
        <UseLineInfoUnit Value="False"/>
      </Debugging>
      <LinkSmart Value="True"/>
      <Options>
        <Win32>
          <GraphicApplication Value="True"/>
        </Win32>
      </Options>
    </Linking>
    <Other>
      <CustomOptions Value="-dOPSI_AS_USER
-dOPSI
-dOSDGUI"/>
      <OtherDefines Count="3">
        <Define0 Value="OSDGUI"/>
        <Define1 Value="OPSI_AS_USER"/>
        <Define2 Value="OPSI"/>
      </OtherDefines>
    </Other>
  </CompilerOptions>
  <Debugging>
    <BreakPoints Count="1">
      <Item1>
        <Kind Value="bpkSource"/>
        <WatchScope Value="wpsLocal"/>
        <WatchKind Value="wpkWrite"/>
        <Source Value="osdhelper.pas"/>
        <InitialEnabled Value="False"/>
        <Line Value="51"/>
      </Item1>
    </BreakPoints>
    <Watches Count="7">
      <Item1>
        <Expression Value="myExeDir"/>
      </Item1>
      <Item2>
        <Expression Value="packetBaseDir"/>
      </Item2>
      <Item3>
        <Expression Value="configFileName"/>
      </Item3>
      <Item4>
        <Expression Value="fConfig"/>
      </Item4>
      <Item5>
        <Expression Value="Edit10"/>
      </Item5>
      <Item6>
        <Expression Value="DSiIsAdmin"/>
      </Item6>
      <Item7>
        <Expression Value="FsetupFileName"/>
      </Item7>
    </Watches>
    <Exceptions Count="5">
      <Item1>
        <Name Value="EAbort"/>
      </Item1>
      <Item2>
        <Name Value="ECodetoolError"/>
      </Item2>
      <Item3>
        <Name Value="EFOpenError"/>
      </Item3>
      <Item4>
        <Name Value="EConvertError"/>
      </Item4>
      <Item5>
        <Name Value="EInvalidGraphic"/>
      </Item5>
    </Exceptions>
  </Debugging>
</CONFIG>
