<?xml version="1.0" encoding="UTF-8"?>
<CONFIG>
  <ProjectOptions>
    <Version Value="10"/>
    <PathDelim Value="\"/>
    <General>
      <MainUnit Value="0"/>
      <Title Value="opsi-winst64"/>
      <UseAppBundle Value="False"/>
      <ResourceType Value="res"/>
      <XPManifest>
        <DpiAware Value="True"/>
      </XPManifest>
      <Icon Value="0"/>
    </General>
    <i18n>
      <EnableI18N Value="True"/>
      <OutDir Value="locale"/>
    </i18n>
    <VersionInfo>
      <UseVersionInfo Value="True"/>
      <MajorVersionNr Value="4"/>
      <MinorVersionNr Value="12"/>
      <BuildNr Value="13"/>
      <StringTable Comments="Compiled with Lazarus 1.6.4 / FPC 3.0.2" CompanyName="uib gmbh (uib.de / opsi.org)" FileDescription="opsi-script" InternalName="winst64.exe" LegalCopyright="AGPL v3" LegalTrademarks="opsi / opsi.org / open pc server integration" OriginalFilename="winst64.exe" ProductName="opsi-script" ProductVersion="4.0.7"/>
    </VersionInfo>
    <BuildModes Count="4" Active="Release">
      <Item1 Name="default" Default="True"/>
      <Item2 Name="Debug">
        <CompilerOptions>
          <Version Value="11"/>
          <PathDelim Value="\"/>
          <Target>
            <Filename Value="winst32"/>
          </Target>
          <SearchPaths>
            <IncludeFiles Value="$(ProjOutDir)"/>
            <OtherUnitFiles Value="$(LazarusDir)\components\indy;synapse40lib;uSMBIOS;..\common"/>
          </SearchPaths>
          <Parsing>
            <SyntaxOptions>
              <SyntaxMode Value="Delphi"/>
              <IncludeAssertionCode Value="True"/>
              <AllowLabel Value="False"/>
            </SyntaxOptions>
          </Parsing>
          <CodeGeneration>
            <Checks>
              <IOChecks Value="True"/>
              <RangeChecks Value="True"/>
              <OverflowChecks Value="True"/>
              <StackChecks Value="True"/>
            </Checks>
            <TargetCPU Value="x86_64"/>
            <TargetOS Value="win64"/>
            <SmallerCode Value="True"/>
          </CodeGeneration>
          <Linking>
            <Debugging>
              <DebugInfoType Value="dsDwarf2Set"/>
              <UseHeaptrc Value="True"/>
              <StripSymbols Value="True"/>
              <UseExternalDbgSyms Value="True"/>
            </Debugging>
            <Options>
              <Win32>
                <GraphicApplication Value="True"/>
              </Win32>
            </Options>
          </Linking>
          <Other>
            <Verbosity>
              <ShowHintsForUnusedUnitsInMainSrc Value="True"/>
            </Verbosity>
            <CompilerMessages>
              <IgnoredMessages idx5058="True" idx5027="True"/>
            </CompilerMessages>
            <CustomOptions Value="-dOPSIWINST -dWINDOWS -dOPSISCRIPT -dGUI"/>
          </Other>
        </CompilerOptions>
      </Item2>
      <Item3 Name="Release">
        <CompilerOptions>
          <Version Value="11"/>
          <PathDelim Value="\"/>
          <Target>
            <Filename Value="winst64"/>
          </Target>
          <SearchPaths>
            <IncludeFiles Value="$(ProjOutDir)"/>
            <OtherUnitFiles Value="..\common;..\external_libraries\dcpcrypt\Ciphers;..\external_libraries\dcpcrypt\Hashes;..\external_libraries\synapse40lib;..\external_libraries\misc;..\external_libraries\uSMBIOS;..\external_libraries\dcpcrypt;..\external_libraries\indy\Lib\System;..\external_libraries\indy\Lib\Core;..\external_libraries\indy\Lib\Protocols;..\external_libraries\indy\Lib"/>
          </SearchPaths>
          <Parsing>
            <SyntaxOptions>
              <SyntaxMode Value="Delphi"/>
              <AllowLabel Value="False"/>
            </SyntaxOptions>
          </Parsing>
          <CodeGeneration>
            <SmartLinkUnit Value="True"/>
            <TargetCPU Value="x86_64"/>
            <TargetOS Value="win64"/>
            <Optimizations>
              <OptimizationLevel Value="3"/>
            </Optimizations>
            <SmallerCode Value="True"/>
          </CodeGeneration>
          <Linking>
            <Debugging>
              <GenerateDebugInfo Value="False"/>
              <StripSymbols Value="True"/>
            </Debugging>
            <LinkSmart Value="True"/>
            <Options>
              <Win32>
                <GraphicApplication Value="True"/>
              </Win32>
            </Options>
          </Linking>
          <Other>
            <Verbosity>
              <ShowHintsForUnusedUnitsInMainSrc Value="True"/>
            </Verbosity>
            <CompilerMessages>
              <IgnoredMessages idx5058="True" idx5027="True"/>
            </CompilerMessages>
            <CustomOptions Value="-dOPSIWINST -dWINDOWS -dOPSISCRIPT -dGUI"/>
          </Other>
        </CompilerOptions>
      </Item3>
      <Item4 Name="mydebug">
        <CompilerOptions>
          <Version Value="11"/>
          <PathDelim Value="\"/>
          <Target>
            <Filename Value="winst32"/>
          </Target>
          <SearchPaths>
            <IncludeFiles Value="$(ProjOutDir)"/>
            <OtherUnitFiles Value="$(LazarusDir)\components\indy;synapse40lib;uSMBIOS;..\common"/>
          </SearchPaths>
          <Parsing>
            <SyntaxOptions>
              <SyntaxMode Value="Delphi"/>
              <AllowLabel Value="False"/>
            </SyntaxOptions>
          </Parsing>
          <CodeGeneration>
            <SmartLinkUnit Value="True"/>
            <Checks>
              <IOChecks Value="True"/>
              <OverflowChecks Value="True"/>
              <StackChecks Value="True"/>
            </Checks>
            <SmallerCode Value="True"/>
          </CodeGeneration>
          <Linking>
            <LinkSmart Value="True"/>
            <Options>
              <Win32>
                <GraphicApplication Value="True"/>
              </Win32>
            </Options>
          </Linking>
          <Other>
            <Verbosity>
              <ShowHintsForUnusedUnitsInMainSrc Value="True"/>
            </Verbosity>
            <CompilerMessages>
              <IgnoredMessages idx5058="True" idx5027="True"/>
            </CompilerMessages>
            <CustomOptions Value="-dOPSIWINST -dWINDOWS -dOPSISCRIPT -dGUI"/>
          </Other>
        </CompilerOptions>
      </Item4>
    </BuildModes>
    <PublishOptions>
      <Version Value="2"/>
      <IgnoreBinaries Value="False"/>
      <IncludeFileFilter Value="*.(pas|pp|inc|lfm|lpr|lrs|lpi|lpk|sh|xml)"/>
      <ExcludeFileFilter Value="*.(bak|ppu|ppw|o|so);*~;backup"/>
    </PublishOptions>
    <RunParams>
      <local>
        <FormatVersion Value="1"/>
        <LaunchingApplication PathPlusParams="\usr\X11R6\bin\xterm -T 'Lazarus Run Output' -e $(LazarusDir)\tools\runwait.sh $(TargetCmdLine)"/>
      </local>
    </RunParams>
    <RequiredPackages Count="2">
      <Item1>
        <PackageName Value="FCL"/>
      </Item1>
      <Item2>
        <PackageName Value="LCL"/>
      </Item2>
    </RequiredPackages>
    <Units Count="79">
      <Unit0>
        <Filename Value="winst64.lpr"/>
        <IsPartOfProject Value="True"/>
        <EditorIndex Value="2"/>
        <TopLine Value="9"/>
        <CursorPos X="43" Y="17"/>
        <UsageCount Value="200"/>
        <Loaded Value="True"/>
        <DefaultSyntaxHighlighter Value="Delphi"/>
      </Unit0>
      <Unit1>
        <Filename Value="packdefs.pas"/>
        <EditorIndex Value="3"/>
        <TopLine Value="5"/>
        <CursorPos X="13" Y="12"/>
        <UsageCount Value="200"/>
        <Loaded Value="True"/>
        <DefaultSyntaxHighlighter Value="Delphi"/>
      </Unit1>
      <Unit2>
        <Filename Value="zipinter.pas"/>
        <EditorIndex Value="-1"/>
        <TopLine Value="106"/>
        <CursorPos X="124" Y="112"/>
        <UsageCount Value="197"/>
        <DefaultSyntaxHighlighter Value="Delphi"/>
      </Unit2>
      <Unit3>
        <Filename Value="wibtch.pas"/>
        <ComponentName Value="FBatchOberflaeche"/>
        <HasResources Value="True"/>
        <ResourceBaseClass Value="Form"/>
        <TopLine Value="60"/>
        <CursorPos X="69" Y="77"/>
        <UsageCount Value="155"/>
        <DefaultSyntaxHighlighter Value="Delphi"/>
      </Unit3>
      <Unit4>
        <Filename Value="wifunc.pas"/>
        <TopLine Value="4668"/>
        <CursorPos X="51" Y="4682"/>
        <ExtraEditorCount Value="1"/>
        <ExtraEditor1>
          <TopLine Value="1809"/>
          <CursorPos X="24" Y="2312"/>
        </ExtraEditor1>
        <UsageCount Value="155"/>
        <DefaultSyntaxHighlighter Value="Delphi"/>
      </Unit4>
      <Unit5>
        <Filename Value="oslog.pas"/>
        <EditorIndex Value="-1"/>
        <TopLine Value="104"/>
        <CursorPos X="49" Y="128"/>
        <ExtraEditorCount Value="1"/>
        <ExtraEditor1>
          <EditorIndex Value="-1"/>
          <WindowIndex Value="-1"/>
          <TopLine Value="1505"/>
          <CursorPos X="42" Y="1527"/>
        </ExtraEditor1>
        <UsageCount Value="197"/>
        <DefaultSyntaxHighlighter Value="Delphi"/>
      </Unit5>
      <Unit6>
        <Filename Value="osshowsysinfo.pas"/>
        <IsPartOfProject Value="True"/>
        <ComponentName Value="SystemInfo"/>
        <HasResources Value="True"/>
        <ResourceBaseClass Value="Form"/>
        <EditorIndex Value="11"/>
        <TopLine Value="60"/>
        <CursorPos X="28" Y="70"/>
        <UsageCount Value="200"/>
        <Loaded Value="True"/>
        <LoadedDesigner Value="True"/>
        <DefaultSyntaxHighlighter Value="Delphi"/>
      </Unit6>
      <Unit7>
        <Filename Value="wirequlist.pas"/>
        <TopLine Value="6"/>
        <CursorPos X="15" Y="31"/>
        <UsageCount Value="155"/>
        <DefaultSyntaxHighlighter Value="Delphi"/>
      </Unit7>
      <Unit8>
        <Filename Value="lispecfolder.pas"/>
        <CursorPos X="25" Y="49"/>
        <UsageCount Value="155"/>
        <DefaultSyntaxHighlighter Value="Delphi"/>
      </Unit8>
      <Unit9>
        <Filename Value="wisynt.pas"/>
        <WindowIndex Value="1"/>
        <TopLine Value="10427"/>
        <CursorPos X="50" Y="10461"/>
        <ExtraEditorCount Value="2"/>
        <ExtraEditor1>
          <TopLine Value="3766"/>
          <CursorPos X="81" Y="3788"/>
        </ExtraEditor1>
        <ExtraEditor2>
          <TopLine Value="15410"/>
          <CursorPos X="10" Y="15433"/>
        </ExtraEditor2>
        <UsageCount Value="155"/>
        <DefaultSyntaxHighlighter Value="Delphi"/>
      </Unit9>
      <Unit10>
        <Filename Value="unicode.pas"/>
        <TopLine Value="163"/>
        <CursorPos X="49" Y="192"/>
        <UsageCount Value="155"/>
        <DefaultSyntaxHighlighter Value="Delphi"/>
      </Unit10>
      <Unit11>
        <Filename Value="synacode.pas"/>
        <TopLine Value="88"/>
        <CursorPos X="34" Y="36"/>
        <UsageCount Value="197"/>
        <DefaultSyntaxHighlighter Value="Delphi"/>
      </Unit11>
      <Unit12>
        <Filename Value="synautil.pas"/>
        <TopLine Value="854"/>
        <CursorPos X="10" Y="879"/>
        <UsageCount Value="197"/>
        <DefaultSyntaxHighlighter Value="Delphi"/>
      </Unit12>
      <Unit13>
        <Filename Value="synsock.pas"/>
        <TopLine Value="27"/>
        <CursorPos X="52" Y="52"/>
        <UsageCount Value="197"/>
        <DefaultSyntaxHighlighter Value="Delphi"/>
      </Unit13>
      <Unit14>
        <Filename Value="blcksock.pas"/>
        <TopLine Value="1755"/>
        <CursorPos X="8" Y="1780"/>
        <UsageCount Value="197"/>
        <DefaultSyntaxHighlighter Value="Delphi"/>
      </Unit14>
      <Unit15>
        <Filename Value="osservicepassdlg.pas"/>
        <IsPartOfProject Value="True"/>
        <ComponentName Value="DialogServicePassword"/>
        <HasResources Value="True"/>
        <ResourceBaseClass Value="Form"/>
        <TopLine Value="12"/>
        <CursorPos X="29" Y="23"/>
        <UsageCount Value="200"/>
        <DefaultSyntaxHighlighter Value="Delphi"/>
      </Unit15>
      <Unit16>
        <Filename Value="osshowlog.pas"/>
        <IsPartOfProject Value="True"/>
        <ComponentName Value="ShowTextFile"/>
        <HasResources Value="True"/>
        <ResourceBaseClass Value="Form"/>
        <EditorIndex Value="-1"/>
        <CursorPos X="16" Y="30"/>
        <UsageCount Value="200"/>
        <DefaultSyntaxHighlighter Value="Delphi"/>
      </Unit16>
      <Unit17>
        <Filename Value="VersionInfoX.pas"/>
        <IsPartOfProject Value="True"/>
        <TopLine Value="362"/>
        <CursorPos X="44" Y="384"/>
        <UsageCount Value="200"/>
        <DefaultSyntaxHighlighter Value="Delphi"/>
      </Unit17>
      <Unit18>
        <Filename Value="ldapsend.pas"/>
        <IsPartOfProject Value="True"/>
        <UsageCount Value="200"/>
        <DefaultSyntaxHighlighter Value="Delphi"/>
      </Unit18>
      <Unit19>
        <Filename Value="windatamodul.pas"/>
        <ComponentName Value="DataModule1"/>
        <HasResources Value="True"/>
        <ResourceBaseClass Value="DataModule"/>
        <CursorPos X="23" Y="11"/>
        <UsageCount Value="70"/>
        <DefaultSyntaxHighlighter Value="Delphi"/>
      </Unit19>
      <Unit20>
        <Filename Value="osinteractivegui.pas"/>
        <IsPartOfProject Value="True"/>
        <ComponentName Value="CentralForm"/>
        <HasResources Value="True"/>
        <ResourceBaseClass Value="Form"/>
        <EditorIndex Value="4"/>
        <TopLine Value="841"/>
        <CursorPos X="39" Y="860"/>
        <UsageCount Value="200"/>
        <Loaded Value="True"/>
        <DefaultSyntaxHighlighter Value="Delphi"/>
      </Unit20>
      <Unit21>
        <Filename Value="DSiWin32.pas"/>
        <TopLine Value="3088"/>
        <CursorPos X="98" Y="3114"/>
        <UsageCount Value="195"/>
        <DefaultSyntaxHighlighter Value="Delphi"/>
      </Unit21>
      <Unit22>
        <Filename Value="widatamodul.pas"/>
        <ComponentName Value="DataModule2"/>
        <HasResources Value="True"/>
        <ResourceBaseClass Value="Form"/>
        <TopLine Value="638"/>
        <CursorPos X="5" Y="663"/>
        <ExtraEditorCount Value="1"/>
        <ExtraEditor1>
          <TopLine Value="4230"/>
          <CursorPos X="66" Y="4254"/>
        </ExtraEditor1>
        <UsageCount Value="155"/>
        <DefaultSyntaxHighlighter Value="Delphi"/>
      </Unit22>
      <Unit23>
        <Filename Value="osmessagedialog.pas"/>
        <IsPartOfProject Value="True"/>
        <ComponentName Value="MyMessageDlg"/>
        <HasResources Value="True"/>
        <ResourceBaseClass Value="Form"/>
        <EditorIndex Value="9"/>
        <TopLine Value="19"/>
        <CursorPos X="52" Y="9"/>
        <UsageCount Value="200"/>
        <Loaded Value="True"/>
        <LoadedDesigner Value="True"/>
        <DefaultSyntaxHighlighter Value="Delphi"/>
      </Unit23>
      <Unit24>
        <Filename Value="wilocale.pas"/>
        <TopLine Value="428"/>
        <CursorPos X="32" Y="25"/>
        <UsageCount Value="155"/>
        <DefaultSyntaxHighlighter Value="Delphi"/>
      </Unit24>
      <Unit25>
        <Filename Value="wiswaudit.pas"/>
        <TopLine Value="4"/>
        <CursorPos X="8" Y="33"/>
        <UsageCount Value="155"/>
        <DefaultSyntaxHighlighter Value="Delphi"/>
      </Unit25>
      <Unit26>
        <Filename Value="base64.pas"/>
        <TopLine Value="55"/>
        <CursorPos X="28" Y="81"/>
        <UsageCount Value="197"/>
        <DefaultSyntaxHighlighter Value="Delphi"/>
      </Unit26>
      <Unit27>
        <Filename Value="superobject.pas"/>
        <TopLine Value="819"/>
        <CursorPos X="36" Y="850"/>
        <UsageCount Value="197"/>
        <DefaultSyntaxHighlighter Value="Delphi"/>
      </Unit27>
      <Unit28>
        <Filename Value="changelog.txt"/>
        <EditorIndex Value="1"/>
        <CursorPos Y="21"/>
        <UsageCount Value="100"/>
        <Loaded Value="True"/>
        <DefaultSyntaxHighlighter Value="None"/>
      </Unit28>
      <Unit29>
        <Filename Value="wilogsrv.pas"/>
        <ComponentName Value="DataModuleLogServer"/>
        <ResourceBaseClass Value="DataModule"/>
        <TopLine Value="22"/>
        <CursorPos Y="72"/>
        <UsageCount Value="77"/>
        <DefaultSyntaxHighlighter Value="Delphi"/>
      </Unit29>
      <Unit30>
        <Filename Value="unitimpersonator.pas"/>
        <UnitName Value="unitImpersonator"/>
        <TopLine Value="31"/>
        <CursorPos X="40" Y="182"/>
        <UsageCount Value="86"/>
        <DefaultSyntaxHighlighter Value="Delphi"/>
      </Unit30>
      <Unit31>
        <Filename Value="wiwin32.pas"/>
        <TopLine Value="43"/>
        <CursorPos X="48" Y="67"/>
        <UsageCount Value="156"/>
        <DefaultSyntaxHighlighter Value="Delphi"/>
      </Unit31>
      <Unit32>
        <Filename Value="jclexcerpt.pas"/>
        <EditorIndex Value="-1"/>
        <CursorPos X="16"/>
        <UsageCount Value="197"/>
        <DefaultSyntaxHighlighter Value="Delphi"/>
      </Unit32>
      <Unit33>
        <Filename Value="wilocaladmin.pas"/>
        <TopLine Value="234"/>
        <CursorPos X="20" Y="256"/>
        <ExtraEditorCount Value="1"/>
        <ExtraEditor1>
          <TopLine Value="42"/>
          <CursorPos X="2" Y="73"/>
        </ExtraEditor1>
        <UsageCount Value="159"/>
        <DefaultSyntaxHighlighter Value="Delphi"/>
      </Unit33>
      <Unit34>
        <Filename Value="manifest.rc"/>
        <IsPartOfProject Value="True"/>
        <CursorPos X="20"/>
        <UsageCount Value="200"/>
        <DefaultSyntaxHighlighter Value="None"/>
      </Unit34>
      <Unit35>
        <Filename Value="manifest.xml"/>
        <IsPartOfProject Value="True"/>
        <EditorIndex Value="-1"/>
        <CursorPos X="52" Y="12"/>
        <UsageCount Value="200"/>
        <DefaultSyntaxHighlighter Value="XML"/>
      </Unit35>
      <Unit36>
        <Filename Value="winstskin\skin.ini"/>
        <TopLine Value="95"/>
        <CursorPos X="54" Y="105"/>
        <UsageCount Value="5"/>
        <DefaultSyntaxHighlighter Value="Ini"/>
      </Unit36>
      <Unit37>
        <Filename Value="C:\lazarus\fpc\2.4.2\source\packages\winunits-jedi\src\jwawintype.pas"/>
        <UnitName Value="JwaWinType"/>
        <TopLine Value="130"/>
        <CursorPos X="46" Y="141"/>
        <UsageCount Value="22"/>
      </Unit37>
      <Unit38>
        <Filename Value="osfunclin.pas"/>
        <EditorIndex Value="7"/>
        <TopLine Value="203"/>
        <CursorPos X="10" Y="228"/>
        <UsageCount Value="204"/>
        <Loaded Value="True"/>
        <DefaultSyntaxHighlighter Value="Delphi"/>
      </Unit38>
      <Unit39>
        <Filename Value="winst.lrs"/>
        <UsageCount Value="5"/>
        <DefaultSyntaxHighlighter Value="Delphi"/>
      </Unit39>
      <Unit40>
        <Filename Value="osbatchgui.pas"/>
        <IsPartOfProject Value="True"/>
        <ComponentName Value="FBatchOberflaeche"/>
        <HasResources Value="True"/>
        <ResourceBaseClass Value="Form"/>
        <TopLine Value="154"/>
        <CursorPos X="49" Y="171"/>
        <UsageCount Value="209"/>
        <DefaultSyntaxHighlighter Value="Delphi"/>
      </Unit40>
      <Unit41>
        <Filename Value="osfunc.pas"/>
        <IsPartOfProject Value="True"/>
        <EditorIndex Value="6"/>
        <TopLine Value="29"/>
        <CursorPos X="36" Y="45"/>
        <ExtraEditorCount Value="1"/>
        <ExtraEditor1>
          <TopLine Value="2618"/>
          <CursorPos X="26" Y="2655"/>
        </ExtraEditor1>
        <UsageCount Value="209"/>
        <Loaded Value="True"/>
        <DefaultSyntaxHighlighter Value="Delphi"/>
      </Unit41>
      <Unit42>
        <Filename Value="osfuncwin2.pas"/>
        <IsPartOfProject Value="True"/>
        <EditorIndex Value="-1"/>
        <TopLine Value="54"/>
        <CursorPos X="25" Y="85"/>
        <UsageCount Value="209"/>
        <DefaultSyntaxHighlighter Value="Delphi"/>
      </Unit42>
      <Unit43>
        <Filename Value="oslocaladmin.pas"/>
        <TopLine Value="39"/>
        <CursorPos X="46" Y="46"/>
        <UsageCount Value="205"/>
        <DefaultSyntaxHighlighter Value="Delphi"/>
      </Unit43>
      <Unit44>
        <Filename Value="osparser.pas"/>
        <IsPartOfProject Value="True"/>
        <IsVisibleTab Value="True"/>
        <EditorIndex Value="10"/>
        <TopLine Value="16281"/>
        <CursorPos X="32" Y="16302"/>
        <ExtraEditorCount Value="1"/>
        <ExtraEditor1>
          <EditorIndex Value="-1"/>
          <WindowIndex Value="1"/>
          <TopLine Value="7433"/>
          <CursorPos X="25" Y="7456"/>
        </ExtraEditor1>
        <UsageCount Value="209"/>
        <Loaded Value="True"/>
        <DefaultSyntaxHighlighter Value="Delphi"/>
      </Unit44>
      <Unit45>
        <Filename Value="widatamodul.lfm"/>
        <UsageCount Value="5"/>
        <DefaultSyntaxHighlighter Value="LFM"/>
      </Unit45>
      <Unit46>
        <Filename Value="oswebservice.pas"/>
        <EditorIndex Value="-1"/>
        <TopLine Value="3002"/>
        <CursorPos X="59" Y="3021"/>
        <UsageCount Value="204"/>
        <DefaultSyntaxHighlighter Value="Delphi"/>
      </Unit46>
      <Unit47>
        <Filename Value="osfuncwin.pas"/>
        <IsPartOfProject Value="True"/>
        <EditorIndex Value="-1"/>
        <TopLine Value="6"/>
        <CursorPos Y="29"/>
        <UsageCount Value="204"/>
        <DefaultSyntaxHighlighter Value="Delphi"/>
      </Unit47>
      <Unit48>
        <Filename Value="C:\lazarus\fpc\2.6.2\source\packages\winunits-jedi\src\jwawindows.pas"/>
        <UnitName Value="JwaWindows"/>
        <TopLine Value="340"/>
        <CursorPos X="5" Y="366"/>
        <UsageCount Value="2"/>
      </Unit48>
      <Unit49>
        <Filename Value="osmessagedialog.lfm"/>
        <UsageCount Value="5"/>
        <DefaultSyntaxHighlighter Value="LFM"/>
      </Unit49>
      <Unit50>
        <Filename Value="wishowfile.lfm"/>
        <UsageCount Value="5"/>
        <DefaultSyntaxHighlighter Value="LFM"/>
      </Unit50>
      <Unit51>
        <Filename Value="osconf.pas"/>
        <IsPartOfProject Value="True"/>
        <EditorIndex Value="8"/>
        <TopLine Value="372"/>
        <CursorPos Y="59"/>
        <UsageCount Value="205"/>
        <Loaded Value="True"/>
        <DefaultSyntaxHighlighter Value="Delphi"/>
      </Unit51>
      <Unit52>
        <Filename Value="oscalc.pas"/>
        <IsPartOfProject Value="True"/>
        <CursorPos X="84" Y="114"/>
        <UsageCount Value="200"/>
        <DefaultSyntaxHighlighter Value="Delphi"/>
      </Unit52>
      <Unit53>
        <Filename Value="osmain.pas"/>
        <IsPartOfProject Value="True"/>
        <EditorIndex Value="5"/>
        <TopLine Value="2006"/>
        <CursorPos X="84" Y="2025"/>
        <UsageCount Value="204"/>
        <Loaded Value="True"/>
        <DefaultSyntaxHighlighter Value="Delphi"/>
      </Unit53>
      <Unit54>
        <Filename Value="oslocale.pas"/>
        <IsPartOfProject Value="True"/>
        <UsageCount Value="201"/>
        <DefaultSyntaxHighlighter Value="Delphi"/>
      </Unit54>
      <Unit55>
        <Filename Value="osencoding.pas"/>
        <TopLine Value="7"/>
        <CursorPos X="10" Y="15"/>
        <UsageCount Value="197"/>
        <DefaultSyntaxHighlighter Value="Delphi"/>
      </Unit55>
      <Unit56>
        <Filename Value="C:\lazarus\ideintf\objectinspector.pp"/>
        <ComponentName Value="ObjectInspectorDlg"/>
        <HasResources Value="True"/>
        <ResourceBaseClass Value="Form"/>
        <UnitName Value="ObjectInspector"/>
        <TopLine Value="21"/>
        <CursorPos X="3" Y="47"/>
        <UsageCount Value="11"/>
      </Unit56>
      <Unit57>
        <Filename Value="C:\lazarus\fpc\2.6.2\source\rtl\objpas\sysutils\filutilh.inc"/>
        <TopLine Value="31"/>
        <CursorPos X="3" Y="56"/>
        <UsageCount Value="15"/>
      </Unit57>
      <Unit58>
        <Filename Value="opsihwbiosinfo.pas"/>
        <IsPartOfProject Value="True"/>
        <TopLine Value="25"/>
        <CursorPos X="30" Y="36"/>
        <UsageCount Value="208"/>
        <DefaultSyntaxHighlighter Value="Delphi"/>
      </Unit58>
      <Unit59>
        <Filename Value="osjson.pas"/>
        <EditorIndex Value="-1"/>
        <TopLine Value="142"/>
        <CursorPos Y="174"/>
        <UsageCount Value="104"/>
        <DefaultSyntaxHighlighter Value="Delphi"/>
      </Unit59>
      <Unit60>
        <Filename Value="C:\lazarus\fpc\2.6.2\source\packages\fcl-json\src\fpjson.pp"/>
        <CursorPos X="31" Y="8"/>
        <UsageCount Value="37"/>
      </Unit60>
      <Unit61>
        <Filename Value="C:\lazarus\components\indy\IdStream.pas"/>
        <CursorPos X="3" Y="29"/>
        <UsageCount Value="8"/>
      </Unit61>
      <Unit62>
        <Filename Value="C:\lazarus\components\lzRichEdit\interfaces\win32\win32wsrichbox.pas"/>
        <UnitName Value="Win32WSRichBox"/>
        <TopLine Value="135"/>
        <CursorPos X="15" Y="161"/>
        <UsageCount Value="7"/>
      </Unit62>
      <Unit63>
        <Filename Value="wispecfolder.pas"/>
        <EditorIndex Value="-1"/>
        <TopLine Value="15"/>
        <CursorPos X="12" Y="39"/>
        <UsageCount Value="32"/>
        <DefaultSyntaxHighlighter Value="Delphi"/>
      </Unit63>
      <Unit64>
        <Filename Value="C:\lazarus\components\indy\Lib\System\IdStream.pas"/>
        <EditorIndex Value="-1"/>
        <CursorPos X="3" Y="29"/>
        <UsageCount Value="7"/>
      </Unit64>
      <Unit65>
        <Filename Value="osxbase64.pas"/>
        <IsPartOfProject Value="True"/>
        <EditorIndex Value="-1"/>
        <WindowIndex Value="-1"/>
        <TopLine Value="-1"/>
        <CursorPos X="-1" Y="-1"/>
        <UsageCount Value="71"/>
        <DefaultSyntaxHighlighter Value="Delphi"/>
      </Unit65>
      <Unit66>
        <Filename Value="..\common\oscrypt.pas"/>
        <IsPartOfProject Value="True"/>
        <EditorIndex Value="-1"/>
        <WindowIndex Value="-1"/>
        <TopLine Value="-1"/>
        <CursorPos X="-1" Y="-1"/>
        <UsageCount Value="67"/>
        <DefaultSyntaxHighlighter Value="Delphi"/>
      </Unit66>
      <Unit67>
        <Filename Value="..\common\osencoding.pas"/>
        <IsPartOfProject Value="True"/>
        <EditorIndex Value="-1"/>
        <WindowIndex Value="-1"/>
        <TopLine Value="-1"/>
        <CursorPos X="-1" Y="-1"/>
        <UsageCount Value="67"/>
        <DefaultSyntaxHighlighter Value="Delphi"/>
      </Unit67>
      <Unit68>
        <Filename Value="..\common\osjson.pas"/>
        <IsPartOfProject Value="True"/>
        <EditorIndex Value="-1"/>
        <WindowIndex Value="-1"/>
        <TopLine Value="-1"/>
        <CursorPos X="-1" Y="-1"/>
        <UsageCount Value="67"/>
        <DefaultSyntaxHighlighter Value="Delphi"/>
      </Unit68>
      <Unit69>
        <Filename Value="..\common\oskeyboard.pas"/>
        <IsPartOfProject Value="True"/>
        <EditorIndex Value="-1"/>
        <WindowIndex Value="-1"/>
        <TopLine Value="-1"/>
        <CursorPos X="-1" Y="-1"/>
        <UsageCount Value="67"/>
        <DefaultSyntaxHighlighter Value="Delphi"/>
      </Unit69>
      <Unit70>
        <Filename Value="..\common\oslog.pas"/>
        <IsPartOfProject Value="True"/>
        <EditorIndex Value="12"/>
        <TopLine Value="217"/>
        <CursorPos X="9" Y="241"/>
        <UsageCount Value="67"/>
        <Loaded Value="True"/>
        <DefaultSyntaxHighlighter Value="Delphi"/>
      </Unit70>
      <Unit71>
        <Filename Value="..\common\oswebservice.pas"/>
        <IsPartOfProject Value="True"/>
        <EditorIndex Value="-1"/>
        <WindowIndex Value="-1"/>
        <TopLine Value="-1"/>
        <CursorPos X="-1" Y="-1"/>
        <UsageCount Value="67"/>
        <DefaultSyntaxHighlighter Value="Delphi"/>
      </Unit71>
      <Unit72>
        <Filename Value="..\common\superobject.pas"/>
        <IsPartOfProject Value="True"/>
        <EditorIndex Value="-1"/>
        <WindowIndex Value="-1"/>
        <TopLine Value="-1"/>
        <CursorPos X="-1" Y="-1"/>
        <UsageCount Value="67"/>
        <DefaultSyntaxHighlighter Value="Delphi"/>
      </Unit72>
      <Unit73>
        <Filename Value="..\external_libraries\indy\Lib\System\IdStream.pas"/>
        <IsPartOfProject Value="True"/>
        <EditorIndex Value="-1"/>
        <WindowIndex Value="-1"/>
        <TopLine Value="-1"/>
        <CursorPos X="-1" Y="-1"/>
        <UsageCount Value="67"/>
        <DefaultSyntaxHighlighter Value="Delphi"/>
      </Unit73>
      <Unit74>
        <Filename Value="..\external_libraries\indy\Lib\System\IdStreamVCL.pas"/>
        <IsPartOfProject Value="True"/>
        <EditorIndex Value="-1"/>
        <WindowIndex Value="-1"/>
        <TopLine Value="-1"/>
        <CursorPos X="-1" Y="-1"/>
        <UsageCount Value="67"/>
        <DefaultSyntaxHighlighter Value="Delphi"/>
      </Unit74>
      <Unit75>
        <Filename Value="osfuncwin3.pas"/>
        <IsPartOfProject Value="True"/>
        <EditorIndex Value="-1"/>
        <TopLine Value="430"/>
        <CursorPos Y="472"/>
        <UsageCount Value="67"/>
        <DefaultSyntaxHighlighter Value="Delphi"/>
      </Unit75>
      <Unit76>
        <Filename Value="osregistry.pas"/>
        <IsPartOfProject Value="True"/>
        <EditorIndex Value="-1"/>
        <WindowIndex Value="-1"/>
        <TopLine Value="-1"/>
        <CursorPos X="-1" Y="-1"/>
        <UsageCount Value="67"/>
        <DefaultSyntaxHighlighter Value="Delphi"/>
      </Unit76>
      <Unit77>
        <Filename Value="..\external_libraries\misc\DSiWin32.pas"/>
        <EditorIndex Value="-1"/>
        <TopLine Value="3088"/>
        <CursorPos X="98" Y="3114"/>
        <UsageCount Value="8"/>
        <DefaultSyntaxHighlighter Value="Delphi"/>
      </Unit77>
      <Unit78>
        <Filename Value="oslistedit.pas"/>
        <IsPartOfProject Value="True"/>
        <ComponentName Value="FListedit"/>
        <HasResources Value="True"/>
        <ResourceBaseClass Value="Form"/>
        <EditorIndex Value="-1"/>
        <TopLine Value="7"/>
        <CursorPos X="58" Y="42"/>
        <UsageCount Value="62"/>
        <DefaultSyntaxHighlighter Value="Delphi"/>
      </Unit78>
    </Units>
    <JumpHistory Count="30" HistoryIndex="29">
      <Position1>
        <Filename Value="osmain.pas"/>
        <Caret Line="2020" Column="16" TopLine="2003"/>
      </Position1>
      <Position2>
        <Filename Value="osparser.pas"/>
        <Caret Line="74" Column="23" TopLine="43"/>
      </Position2>
      <Position3>
        <Filename Value="osparser.pas"/>
        <Caret Line="4671" Column="27" TopLine="4652"/>
      </Position3>
      <Position4>
        <Filename Value="osparser.pas"/>
        <Caret Line="13754" Column="29" TopLine="13716"/>
      </Position4>
      <Position5>
        <Filename Value="osparser.pas"/>
        <Caret Line="16752" Column="45" TopLine="16733"/>
      </Position5>
      <Position6>
        <Filename Value="osparser.pas"/>
        <Caret Line="16820" Column="37" TopLine="16773"/>
      </Position6>
      <Position7>
        <Filename Value="osparser.pas"/>
        <Caret Line="16752" Column="45" TopLine="16724"/>
      </Position7>
      <Position8>
        <Filename Value="osparser.pas"/>
        <Caret Line="16818" Column="53" TopLine="16803"/>
      </Position8>
      <Position9>
        <Filename Value="osparser.pas"/>
        <Caret Line="16820" Column="37" TopLine="16803"/>
      </Position9>
      <Position10>
        <Filename Value="osparser.pas"/>
        <Caret Line="16739" Column="41" TopLine="16727"/>
      </Position10>
      <Position11>
        <Filename Value="osparser.pas"/>
        <Caret Line="17105" Column="31" TopLine="17087"/>
      </Position11>
      <Position12>
        <Filename Value="osparser.pas"/>
        <Caret Line="18221" TopLine="18202"/>
      </Position12>
      <Position13>
        <Filename Value="osparser.pas"/>
        <Caret Line="16959" Column="19" TopLine="16928"/>
      </Position13>
      <Position14>
        <Filename Value="osparser.pas"/>
        <Caret Line="8727" Column="18" TopLine="8721"/>
      </Position14>
      <Position15>
        <Filename Value="osparser.pas"/>
        <Caret Line="732" Column="7" TopLine="685"/>
      </Position15>
      <Position16>
        <Filename Value="osparser.pas"/>
        <Caret Line="16221" Column="21" TopLine="16214"/>
      </Position16>
      <Position17>
        <Filename Value="osparser.pas"/>
        <Caret Line="16234" Column="7" TopLine="16214"/>
      </Position17>
      <Position18>
        <Filename Value="osparser.pas"/>
        <Caret Line="19546" Column="21" TopLine="19514"/>
      </Position18>
      <Position19>
        <Filename Value="osparser.pas"/>
        <Caret Line="16218" Column="16" TopLine="16211"/>
      </Position19>
      <Position20>
        <Filename Value="osparser.pas"/>
        <Caret Line="19350" Column="142" TopLine="19319"/>
      </Position20>
      <Position21>
        <Filename Value="osparser.pas"/>
        <Caret Line="16514" Column="17" TopLine="16495"/>
      </Position21>
      <Position22>
        <Filename Value="osparser.pas"/>
        <Caret Line="16509" Column="15" TopLine="16495"/>
      </Position22>
      <Position23>
        <Filename Value="osparser.pas"/>
        <Caret Line="16514" Column="17" TopLine="16435"/>
      </Position23>
      <Position24>
        <Filename Value="osparser.pas"/>
        <Caret Line="16308" Column="228" TopLine="16289"/>
      </Position24>
      <Position25>
        <Filename Value="osparser.pas"/>
        <Caret Line="16515" Column="217" TopLine="16495"/>
      </Position25>
      <Position26>
        <Filename Value="osparser.pas"/>
        <Caret Line="16516" Column="84" TopLine="16499"/>
      </Position26>
      <Position27>
        <Filename Value="osparser.pas"/>
        <Caret Line="16517" Column="18" TopLine="16499"/>
      </Position27>
      <Position28>
        <Filename Value="osparser.pas"/>
        <Caret Line="16452" Column="62" TopLine="16445"/>
      </Position28>
      <Position29>
        <Filename Value="osparser.pas"/>
        <Caret Line="606" Column="60" TopLine="586"/>
      </Position29>
      <Position30>
        <Filename Value="osparser.pas"/>
        <Caret Line="16545" Column="224" TopLine="16519"/>
      </Position30>
    </JumpHistory>
  </ProjectOptions>
  <CompilerOptions>
    <Version Value="11"/>
    <PathDelim Value="\"/>
    <Target>
      <Filename Value="winst64"/>
    </Target>
    <SearchPaths>
      <IncludeFiles Value="$(ProjOutDir)"/>
      <OtherUnitFiles Value="..\common;..\external_libraries\dcpcrypt\Ciphers;..\external_libraries\dcpcrypt\Hashes;..\external_libraries\synapse40lib;..\external_libraries\misc;..\external_libraries\uSMBIOS;..\external_libraries\dcpcrypt;..\external_libraries\indy\Lib\System;..\external_libraries\indy\Lib\Core;..\external_libraries\indy\Lib\Protocols;..\external_libraries\indy\Lib"/>
    </SearchPaths>
    <Parsing>
      <SyntaxOptions>
        <SyntaxMode Value="Delphi"/>
        <AllowLabel Value="False"/>
      </SyntaxOptions>
    </Parsing>
    <CodeGeneration>
      <SmartLinkUnit Value="True"/>
      <Checks>
        <IOChecks Value="True"/>
        <OverflowChecks Value="True"/>
        <StackChecks Value="True"/>
      </Checks>
      <TargetCPU Value="x86_64"/>
      <TargetOS Value="win64"/>
      <SmallerCode Value="True"/>
    </CodeGeneration>
    <Linking>
      <Debugging>
        <GenerateDebugInfo Value="False"/>
        <StripSymbols Value="True"/>
      </Debugging>
      <LinkSmart Value="True"/>
      <Options>
        <Win32>
          <GraphicApplication Value="True"/>
        </Win32>
      </Options>
    </Linking>
    <Other>
      <Verbosity>
        <ShowHintsForUnusedUnitsInMainSrc Value="True"/>
      </Verbosity>
      <CompilerMessages>
        <IgnoredMessages idx5058="True" idx5027="True"/>
      </CompilerMessages>
      <CustomOptions Value="-dOPSIWINST -dWINDOWS -dOPSISCRIPT -dGUI"/>
    </Other>
  </CompilerOptions>
  <Debugging>
    <BreakPoints Count="1">
      <Item1>
        <Kind Value="bpkSource"/>
        <WatchScope Value="wpsGlobal"/>
        <WatchKind Value="wpkWrite"/>
        <Source Value="DSiWin32.pas"/>
        <Line Value="3513"/>
      </Item1>
    </BreakPoints>
    <Watches Count="5">
      <Item1>
        <Expression Value="Expression"/>
      </Item1>
      <Item2>
        <Expression Value="Remaining"/>
      </Item2>
      <Item3>
        <Expression Value="BooleanResult"/>
      </Item3>
      <Item4>
        <Expression Value="InfoSyntaxError"/>
      </Item4>
      <Item5>
        <Expression Value="r"/>
      </Item5>
    </Watches>
    <Exceptions Count="5">
      <Item1>
        <Name Value="EAbort"/>
      </Item1>
      <Item2>
        <Name Value="ECodetoolError"/>
      </Item2>
      <Item3>
        <Name Value="EFOpenError"/>
      </Item3>
      <Item4>
        <Name Value="EConvertError"/>
      </Item4>
      <Item5>
        <Name Value="ERegistryException"/>
      </Item5>
    </Exceptions>
  </Debugging>
</CONFIG>
