<?xml version="1.0" encoding="UTF-8"?>
<CONFIG>
  <ProjectOptions>
    <Version Value="11"/>
    <PathDelim Value="\"/>
    <General>
      <MainUnit Value="0"/>
      <Title Value="opsiscripttesthelper"/>
      <UseXPManifest Value="True"/>
    </General>
    <VersionInfo>
      <UseVersionInfo Value="True"/>
      <MajorVersionNr Value="4"/>
      <MinorVersionNr Value="1"/>
      <StringTable FileDescription="Helper program for testing opsi-winst" LegalCopyright="uib gmbh (http://www.uib.de)" LegalTrademarks="opsi"/>
    </VersionInfo>
    <BuildModes Count="3">
      <Item1 Name="default" Default="True"/>
      <Item2 Name="Debug">
        <CompilerOptions>
          <Version Value="11"/>
          <PathDelim Value="\"/>
          <SearchPaths>
            <IncludeFiles Value="$(ProjOutDir)"/>
            <OtherUnitFiles Value="..\..\external_libraries\misc;..\..\common"/>
          </SearchPaths>
          <Parsing>
            <SyntaxOptions>
              <IncludeAssertionCode Value="True"/>
              <UseAnsiStrings Value="False"/>
            </SyntaxOptions>
          </Parsing>
          <CodeGeneration>
            <Checks>
              <IOChecks Value="True"/>
              <RangeChecks Value="True"/>
              <OverflowChecks Value="True"/>
              <StackChecks Value="True"/>
            </Checks>
            <VerifyObjMethodCallValidity Value="True"/>
          </CodeGeneration>
          <Linking>
            <Debugging>
              <DebugInfoType Value="dsDwarf2Set"/>
              <UseLineInfoUnit Value="False"/>
              <UseHeaptrc Value="True"/>
              <TrashVariables Value="True"/>
              <StripSymbols Value="True"/>
              <UseExternalDbgSyms Value="True"/>
            </Debugging>
            <Options>
              <Win32>
                <GraphicApplication Value="True"/>
              </Win32>
            </Options>
          </Linking>
          <Other>
            <CustomOptions Value="-dSYNAPSE"/>
          </Other>
        </CompilerOptions>
      </Item2>
      <Item3 Name="Release">
        <CompilerOptions>
          <Version Value="11"/>
          <PathDelim Value="\"/>
          <SearchPaths>
            <IncludeFiles Value="$(ProjOutDir)"/>
            <OtherUnitFiles Value="..\..\external_libraries\misc;..\..\common"/>
          </SearchPaths>
          <Parsing>
            <SyntaxOptions>
              <SyntaxMode Value="Delphi"/>
              <UseAnsiStrings Value="False"/>
            </SyntaxOptions>
          </Parsing>
          <CodeGeneration>
            <SmartLinkUnit Value="True"/>
            <Optimizations>
              <OptimizationLevel Value="3"/>
            </Optimizations>
          </CodeGeneration>
          <Linking>
            <Debugging>
              <GenerateDebugInfo Value="False"/>
              <UseLineInfoUnit Value="False"/>
              <StripSymbols Value="True"/>
            </Debugging>
            <LinkSmart Value="True"/>
            <Options>
              <Win32>
                <GraphicApplication Value="True"/>
              </Win32>
            </Options>
          </Linking>
          <Other>
            <CustomOptions Value="-dSYNAPSE"/>
          </Other>
        </CompilerOptions>
      </Item3>
    </BuildModes>
    <PublishOptions>
      <Version Value="2"/>
    </PublishOptions>
    <RunParams>
      <FormatVersion Value="2"/>
      <Modes Count="1">
        <Mode0 Name="default">
          <local>
            <CommandLineParams Value="--showwindow=1"/>
            <LaunchingApplication PathPlusParams="\usr\X11R6\bin\xterm -T 'Lazarus Run Output' -e $(LazarusDir)\tools\runwait.sh $(TargetCmdLine)"/>
          </local>
        </Mode0>
      </Modes>
    </RunParams>
    <RequiredPackages Count="1">
      <Item1>
        <PackageName Value="LCL"/>
      </Item1>
    </RequiredPackages>
    <Units Count="18">
      <Unit0>
        <Filename Value="opsiscripttesthelper.pas"/>
        <IsPartOfProject Value="True"/>
        <CursorPos X="23" Y="12"/>
        <UsageCount Value="64"/>
        <Loaded Value="True"/>
        <LoadedDesigner Value="True"/>
      </Unit0>
      <Unit1>
        <Filename Value="helperwin.pas"/>
        <IsPartOfProject Value="True"/>
        <ComponentName Value="Form1"/>
        <HasResources Value="True"/>
        <ResourceBaseClass Value="Form"/>
        <EditorIndex Value="1"/>
        <TopLine Value="25"/>
        <CursorPos X="3" Y="39"/>
        <ExtraEditorCount Value="1"/>
        <ExtraEditor1>
          <EditorIndex Value="-1"/>
          <CursorPos X="31" Y="26"/>
        </ExtraEditor1>
        <UsageCount Value="61"/>
        <Loaded Value="True"/>
        <LoadedDesigner Value="True"/>
      </Unit1>
      <Unit2>
        <Filename Value="helpermain.pas"/>
        <EditorIndex Value="-1"/>
        <CursorPos X="66" Y="10"/>
        <UsageCount Value="40"/>
      </Unit2>
      <Unit3>
        <Filename Value="VersionInfoX.pas"/>
        <TopLine Value="75"/>
        <CursorPos X="17" Y="166"/>
        <UsageCount Value="17"/>
      </Unit3>
      <Unit4>
        <Filename Value="versioninfo.pas"/>
        <UnitName Value="VersionInfo"/>
        <EditorIndex Value="-1"/>
        <TopLine Value="73"/>
        <CursorPos X="20" Y="14"/>
        <UsageCount Value="57"/>
      </Unit4>
      <Unit5>
        <Filename Value="DSiWin32.pas"/>
        <EditorIndex Value="-1"/>
        <TopLine Value="1780"/>
        <CursorPos X="10" Y="1791"/>
        <UsageCount Value="38"/>
      </Unit5>
      <Unit6>
        <Filename Value="wispecfolder.pas"/>
        <EditorIndex Value="-1"/>
        <TopLine Value="464"/>
        <CursorPos X="16" Y="469"/>
        <UsageCount Value="30"/>
      </Unit6>
      <Unit7>
        <Filename Value="..\..\opsi-script\osconf.pas"/>
        <EditorIndex Value="-1"/>
        <TopLine Value="116"/>
        <CursorPos X="3" Y="127"/>
        <UsageCount Value="10"/>
      </Unit7>
      <Unit8>
        <Filename Value="..\..\external_libraries\misc\DSiWin32.pas"/>
        <IsPartOfProject Value="True"/>
        <EditorIndex Value="-1"/>
        <WindowIndex Value="-1"/>
        <TopLine Value="-1"/>
        <CursorPos X="-1" Y="-1"/>
        <UsageCount Value="25"/>
      </Unit8>
      <Unit9>
        <Filename Value="..\..\common\osencoding.pas"/>
        <IsPartOfProject Value="True"/>
        <EditorIndex Value="-1"/>
        <WindowIndex Value="-1"/>
        <TopLine Value="-1"/>
        <CursorPos X="-1" Y="-1"/>
        <UsageCount Value="25"/>
      </Unit9>
      <Unit10>
        <Filename Value="..\..\opsi-script\osfuncwin3.pas"/>
        <EditorIndex Value="-1"/>
        <UsageCount Value="20"/>
      </Unit10>
      <Unit11>
        <Filename Value="..\..\opsi-script\wispecfolder.pas"/>
        <EditorIndex Value="-1"/>
        <TopLine Value="76"/>
        <UsageCount Value="20"/>
      </Unit11>
      <Unit12>
        <Filename Value="..\..\external_libraries\misc\uCpuUsage.pas"/>
        <EditorIndex Value="-1"/>
        <TopLine Value="59"/>
        <CursorPos X="4" Y="69"/>
        <UsageCount Value="10"/>
      </Unit12>
      <Unit13>
        <Filename Value="helperwin.lfm"/>
        <EditorIndex Value="-1"/>
        <UsageCount Value="10"/>
        <DefaultSyntaxHighlighter Value="LFM"/>
      </Unit13>
      <Unit14>
        <Filename Value="..\..\common\osfunclin.pas"/>
        <EditorIndex Value="5"/>
        <TopLine Value="20"/>
        <CursorPos X="3" Y="31"/>
        <UsageCount Value="10"/>
        <Loaded Value="True"/>
      </Unit14>
      <Unit15>
        <Filename Value="..\..\common\lispecfolder.pas"/>
        <IsVisibleTab Value="True"/>
        <EditorIndex Value="2"/>
        <TopLine Value="253"/>
        <CursorPos X="76" Y="264"/>
        <UsageCount Value="10"/>
        <Loaded Value="True"/>
      </Unit15>
      <Unit16>
        <Filename Value="..\..\common\osprocesses.pas"/>
        <EditorIndex Value="4"/>
        <CursorPos X="18" Y="9"/>
        <UsageCount Value="10"/>
        <Loaded Value="True"/>
      </Unit16>
      <Unit17>
        <Filename Value="..\..\common\osprocessux.pas"/>
        <UnitName Value="OSProcessux"/>
        <EditorIndex Value="3"/>
        <TopLine Value="49"/>
        <CursorPos X="71" Y="56"/>
        <UsageCount Value="10"/>
        <Loaded Value="True"/>
      </Unit17>
    </Units>
    <JumpHistory Count="27" HistoryIndex="26">
      <Position1>
        <Filename Value="opsiscripttesthelper.pas"/>
        <Caret Line="5" Column="16"/>
      </Position1>
      <Position2>
        <Filename Value="helperwin.pas"/>
        <Caret Line="20" Column="39" TopLine="5"/>
      </Position2>
      <Position3>
        <Filename Value="helperwin.pas"/>
        <Caret Line="23" Column="30" TopLine="17"/>
      </Position3>
      <Position4>
        <Filename Value="helperwin.pas"/>
        <Caret Line="99" Column="24" TopLine="89"/>
      </Position4>
      <Position5>
        <Filename Value="helperwin.pas"/>
        <Caret Line="545" Column="3" TopLine="523"/>
      </Position5>
      <Position6>
        <Filename Value="helperwin.pas"/>
        <Caret Line="26" Column="20" TopLine="54"/>
      </Position6>
      <Position7>
        <Filename Value="helperwin.pas"/>
        <Caret Line="222" Column="6" TopLine="207"/>
      </Position7>
      <Position8>
        <Filename Value="helperwin.pas"/>
        <Caret Line="99" Column="44" TopLine="89"/>
      </Position8>
      <Position9>
        <Filename Value="helperwin.pas"/>
        <Caret Line="172" Column="18" TopLine="162"/>
      </Position9>
      <Position10>
        <Filename Value="helperwin.pas"/>
        <Caret Line="183" Column="7" TopLine="173"/>
      </Position10>
      <Position11>
        <Filename Value="helperwin.pas"/>
        <Caret Line="186" Column="7" TopLine="176"/>
      </Position11>
      <Position12>
        <Filename Value="helperwin.pas"/>
        <Caret Line="191" Column="9" TopLine="181"/>
      </Position12>
      <Position13>
        <Filename Value="helperwin.pas"/>
        <Caret Line="406" Column="46" TopLine="395"/>
      </Position13>
      <Position14>
        <Filename Value="helperwin.pas"/>
        <Caret Line="40" Column="13" TopLine="22"/>
      </Position14>
      <Position15>
        <Filename Value="helperwin.pas"/>
        <Caret Line="39" Column="5" TopLine="28"/>
      </Position15>
      <Position16>
        <Filename Value="..\..\common\osfunclin.pas"/>
        <Caret Line="13" Column="30" TopLine="10"/>
      </Position16>
      <Position17>
        <Filename Value="..\..\common\osfunclin.pas"/>
        <Caret Line="31" Column="3" TopLine="20"/>
      </Position17>
      <Position18>
        <Filename Value="helperwin.pas"/>
        <Caret Line="414" Column="46" TopLine="403"/>
      </Position18>
      <Position19>
        <Filename Value="helperwin.pas"/>
        <Caret Line="39" Column="3" TopLine="25"/>
      </Position19>
      <Position20>
        <Filename Value="..\..\common\lispecfolder.pas"/>
        <Caret Line="64" Column="3" TopLine="55"/>
      </Position20>
      <Position21>
        <Filename Value="..\..\common\lispecfolder.pas"/>
        <Caret Line="29" Column="15" TopLine="19"/>
      </Position21>
      <Position22>
        <Filename Value="..\..\common\osprocesses.pas"/>
        <Caret Line="88" Column="21" TopLine="78"/>
      </Position22>
      <Position23>
        <Filename Value="..\..\common\osprocesses.pas"/>
        <Caret Line="86" Column="20" TopLine="100"/>
      </Position23>
      <Position24>
        <Filename Value="..\..\common\osprocesses.pas"/>
        <Caret Line="18" Column="15" TopLine="2"/>
      </Position24>
      <Position25>
        <Filename Value="..\..\common\osprocesses.pas"/>
        <Caret Line="9" Column="18"/>
      </Position25>
      <Position26>
        <Filename Value="..\..\common\lispecfolder.pas"/>
        <Caret Line="30" Column="6" TopLine="18"/>
      </Position26>
      <Position27>
        <Filename Value="..\..\common\osprocessux.pas"/>
        <Caret Line="56" Column="71" TopLine="49"/>
      </Position27>
    </JumpHistory>
  </ProjectOptions>
  <CompilerOptions>
    <Version Value="11"/>
    <PathDelim Value="\"/>
    <SearchPaths>
      <IncludeFiles Value="$(ProjOutDir)"/>
      <OtherUnitFiles Value="..\..\external_libraries\misc;..\..\common;..\..\external_libraries\synapse"/>
    </SearchPaths>
    <Parsing>
      <SyntaxOptions>
        <UseAnsiStrings Value="False"/>
      </SyntaxOptions>
    </Parsing>
    <Linking>
      <Debugging>
        <GenerateDebugInfo Value="False"/>
        <UseLineInfoUnit Value="False"/>
        <StripSymbols Value="True"/>
      </Debugging>
      <LinkSmart Value="True"/>
      <Options>
        <Win32>
          <GraphicApplication Value="True"/>
        </Win32>
      </Options>
    </Linking>
    <Other>
      <CustomOptions Value="-dSYNAPSE"/>
    </Other>
  </CompilerOptions>
  <Debugging>
    <BreakPoints Count="1">
      <Item1>
        <Kind Value="bpkSource"/>
        <WatchScope Value="wpsLocal"/>
        <WatchKind Value="wpkWrite"/>
        <Source Value="helperwin.pas"/>
        <Line Value="414"/>
      </Item1>
    </BreakPoints>
    <Exceptions Count="3">
      <Item1>
        <Name Value="EAbort"/>
      </Item1>
      <Item2>
        <Name Value="ECodetoolError"/>
      </Item2>
      <Item3>
        <Name Value="EFOpenError"/>
      </Item3>
    </Exceptions>
  </Debugging>
</CONFIG>
